// !$*UTF8*$!
{
	archiveVersion = 1;
	classes = {
	};
	objectVersion = 50;
	objects = {

/* Begin PBXBuildFile section */
		150566BDCF8FEBA1B2B16DC2 /* Pods_Foggy_GlassesTests.framework in Frameworks */ = {isa = PBXBuildFile; fileRef = 893376C7B1E8C04AAF3D0F4F /* Pods_Foggy_GlassesTests.framework */; };
		5D0321572262317400B86DC6 /* NotificationManager.swift in Sources */ = {isa = PBXBuildFile; fileRef = 5D517BF22257A69A00324F80 /* NotificationManager.swift */; };
		5D032D06222668B400D4B6D0 /* SearchMember.swift in Sources */ = {isa = PBXBuildFile; fileRef = 5D032D05222668B400D4B6D0 /* SearchMember.swift */; };
		5D032D0A2227AEDB00D4B6D0 /* SwipeableCollectionViewCell.swift in Sources */ = {isa = PBXBuildFile; fileRef = 5D032D092227AEDB00D4B6D0 /* SwipeableCollectionViewCell.swift */; };
		5D032D0D222AD25800D4B6D0 /* EnableSharingController.swift in Sources */ = {isa = PBXBuildFile; fileRef = 5D032D0C222AD25800D4B6D0 /* EnableSharingController.swift */; };
		5D032D0F222AE42100D4B6D0 /* SuccessCreateGroupController.swift in Sources */ = {isa = PBXBuildFile; fileRef = 5D032D0E222AE42100D4B6D0 /* SuccessCreateGroupController.swift */; };
		5D032D11222AFA4000D4B6D0 /* GroupSelectionCell.swift in Sources */ = {isa = PBXBuildFile; fileRef = 5D032D10222AFA4000D4B6D0 /* GroupSelectionCell.swift */; };
		5D032D13222AFECA00D4B6D0 /* GroupFriendsTitleCell.swift in Sources */ = {isa = PBXBuildFile; fileRef = 5D032D12222AFECA00D4B6D0 /* GroupFriendsTitleCell.swift */; };
		5D032D15222B4D0500D4B6D0 /* SavedArticleSelectCell.swift in Sources */ = {isa = PBXBuildFile; fileRef = 5D032D14222B4D0500D4B6D0 /* SavedArticleSelectCell.swift */; };
		5D032D17222B4FDC00D4B6D0 /* SavedArticlesCollectionController.swift in Sources */ = {isa = PBXBuildFile; fileRef = 5D032D16222B4FDC00D4B6D0 /* SavedArticlesCollectionController.swift */; };
		5D032D1A222B507B00D4B6D0 /* ArticleCollectionViewCell.swift in Sources */ = {isa = PBXBuildFile; fileRef = 5D032D19222B507B00D4B6D0 /* ArticleCollectionViewCell.swift */; };
		5D05C2DF224057D000B59787 /* PendingGroupController.swift in Sources */ = {isa = PBXBuildFile; fileRef = 5D05C2DE224057D000B59787 /* PendingGroupController.swift */; };
		5D05C2E12242165C00B59787 /* FeedHideManager.swift in Sources */ = {isa = PBXBuildFile; fileRef = 5D05C2E02242165C00B59787 /* FeedHideManager.swift */; };
		5D05C2E32245923C00B59787 /* GroupSettingsController.swift in Sources */ = {isa = PBXBuildFile; fileRef = 5D05C2E22245923C00B59787 /* GroupSettingsController.swift */; };
		5D05C2E52245926100B59787 /* MainSettingsController.swift in Sources */ = {isa = PBXBuildFile; fileRef = 5D05C2E42245926100B59787 /* MainSettingsController.swift */; };
		5D05C2E822459A2C00B59787 /* SettingsHeaderCell.swift in Sources */ = {isa = PBXBuildFile; fileRef = 5D05C2E722459A2C00B59787 /* SettingsHeaderCell.swift */; };
		5D05C2EA2245AC8200B59787 /* SettingsSwitchCell.swift in Sources */ = {isa = PBXBuildFile; fileRef = 5D05C2E92245AC8200B59787 /* SettingsSwitchCell.swift */; };
		5D05C2EC2245B2ED00B59787 /* SettingsArrowCell.swift in Sources */ = {isa = PBXBuildFile; fileRef = 5D05C2EB2245B2ED00B59787 /* SettingsArrowCell.swift */; };
		5D05C2EE2245B86C00B59787 /* SettingsLogoutCell.swift in Sources */ = {isa = PBXBuildFile; fileRef = 5D05C2ED2245B86C00B59787 /* SettingsLogoutCell.swift */; };
		5D05C2F02245F63000B59787 /* SettingsDeleteCell.swift in Sources */ = {isa = PBXBuildFile; fileRef = 5D05C2EF2245F63000B59787 /* SettingsDeleteCell.swift */; };
		5D05C2F22245F83300B59787 /* SettingsVersionCell.swift in Sources */ = {isa = PBXBuildFile; fileRef = 5D05C2F12245F83300B59787 /* SettingsVersionCell.swift */; };
		5D05C2F422468B5C00B59787 /* FoggyUserPreferences.swift in Sources */ = {isa = PBXBuildFile; fileRef = 5D05C2F322468B5C00B59787 /* FoggyUserPreferences.swift */; };
		5D05C2F622468B9200B59787 /* MultiGroupSharePost.swift in Sources */ = {isa = PBXBuildFile; fileRef = 5D05C2F522468B9200B59787 /* MultiGroupSharePost.swift */; };
		5D05C2F72246914C00B59787 /* MultiGroupSharePost.swift in Sources */ = {isa = PBXBuildFile; fileRef = 5D05C2F522468B9200B59787 /* MultiGroupSharePost.swift */; };
		5D05C2F9224695DC00B59787 /* MultiGroupSharePostCell.swift in Sources */ = {isa = PBXBuildFile; fileRef = 5D05C2F8224695DC00B59787 /* MultiGroupSharePostCell.swift */; };
		5D05C2FB2246A16700B59787 /* HorizontalGroupCell.swift in Sources */ = {isa = PBXBuildFile; fileRef = 5D05C2FA2246A16700B59787 /* HorizontalGroupCell.swift */; };
		5D061A9621FEAD4000BB6056 /* AppDelegate.swift in Sources */ = {isa = PBXBuildFile; fileRef = 5D061A9521FEAD4000BB6056 /* AppDelegate.swift */; };
		5D061A9821FEAD4000BB6056 /* WelcomeController.swift in Sources */ = {isa = PBXBuildFile; fileRef = 5D061A9721FEAD4000BB6056 /* WelcomeController.swift */; };
		5D061A9B21FEAD4000BB6056 /* Main.storyboard in Resources */ = {isa = PBXBuildFile; fileRef = 5D061A9921FEAD4000BB6056 /* Main.storyboard */; };
		5D061A9D21FEAD4200BB6056 /* Assets.xcassets in Resources */ = {isa = PBXBuildFile; fileRef = 5D061A9C21FEAD4200BB6056 /* Assets.xcassets */; };
		5D061AA021FEAD4200BB6056 /* LaunchScreen.storyboard in Resources */ = {isa = PBXBuildFile; fileRef = 5D061A9E21FEAD4200BB6056 /* LaunchScreen.storyboard */; };
		5D061AAB21FEAD4200BB6056 /* Foggy_GlassesTests.swift in Sources */ = {isa = PBXBuildFile; fileRef = 5D061AAA21FEAD4200BB6056 /* Foggy_GlassesTests.swift */; };
		5D061AB621FEAD4200BB6056 /* Foggy_GlassesUITests.swift in Sources */ = {isa = PBXBuildFile; fileRef = 5D061AB521FEAD4200BB6056 /* Foggy_GlassesUITests.swift */; };
		5D068241225EC99100FCD80C /* GoogleService-Info.plist in Resources */ = {isa = PBXBuildFile; fileRef = 5D068240225EC99100FCD80C /* GoogleService-Info.plist */; };
		5D0701FE2232DA0C0006CB10 /* FoggyGroup.swift in Sources */ = {isa = PBXBuildFile; fileRef = 5D46977322109B520065E56B /* FoggyGroup.swift */; };
		5D0701FF2232DA780006CB10 /* FoggyUser.swift in Sources */ = {isa = PBXBuildFile; fileRef = 5D46976D220F7EEF0065E56B /* FoggyUser.swift */; };
		5D0702012232E4930006CB10 /* ShareSelectViewController.swift in Sources */ = {isa = PBXBuildFile; fileRef = 5D0702002232E4930006CB10 /* ShareSelectViewController.swift */; };
		5D0702022232EAD80006CB10 /* Extensions.swift in Sources */ = {isa = PBXBuildFile; fileRef = 5D1ECDA8220A067500298D77 /* Extensions.swift */; };
		5D0702032232EB030006CB10 /* Constants.swift in Sources */ = {isa = PBXBuildFile; fileRef = 5D1ECDA6220A048700298D77 /* Constants.swift */; };
		5D0702042232EC660006CB10 /* Assets.xcassets in Resources */ = {isa = PBXBuildFile; fileRef = 5D061A9C21FEAD4200BB6056 /* Assets.xcassets */; };
		5D0702062232EEF10006CB10 /* ShareSelectTableViewCell.swift in Sources */ = {isa = PBXBuildFile; fileRef = 5D0702052232EEF10006CB10 /* ShareSelectTableViewCell.swift */; };
		5D0702082232F5310006CB10 /* GoogleService-Info.plist in Resources */ = {isa = PBXBuildFile; fileRef = 5D0702072232F5310006CB10 /* GoogleService-Info.plist */; };
		5D08F63E223574C0008FD719 /* FirebaseManager.swift in Sources */ = {isa = PBXBuildFile; fileRef = 5D193BF8221C69460058328C /* FirebaseManager.swift */; };
		5D09A71C2237E43C005438DD /* Share.js in Resources */ = {isa = PBXBuildFile; fileRef = 5D09A71B2237E43C005438DD /* Share.js */; };
		5D0B569B221DDB420098041E /* EmailVerificationController.swift in Sources */ = {isa = PBXBuildFile; fileRef = 5D0B569A221DDB420098041E /* EmailVerificationController.swift */; };
		5D0E11E722304DAF003D3583 /* AuthenticationServices.framework in Frameworks */ = {isa = PBXBuildFile; fileRef = 5D0E11E622304DAF003D3583 /* AuthenticationServices.framework */; };
		5D0E12102230631D003D3583 /* HomeFeedPost.swift in Sources */ = {isa = PBXBuildFile; fileRef = 5D0E120F2230631D003D3583 /* HomeFeedPost.swift */; };
		5D0E12182231AA3D003D3583 /* ShareViewController.swift in Sources */ = {isa = PBXBuildFile; fileRef = 5D0E12172231AA3D003D3583 /* ShareViewController.swift */; };
		5D0E121B2231AA3D003D3583 /* MainInterface.storyboard in Resources */ = {isa = PBXBuildFile; fileRef = 5D0E12192231AA3D003D3583 /* MainInterface.storyboard */; };
		5D0E121F2231AA3D003D3583 /* Post To Groups.appex in Embed App Extensions */ = {isa = PBXBuildFile; fileRef = 5D0E12152231AA3D003D3583 /* Post To Groups.appex */; settings = {ATTRIBUTES = (RemoveHeadersOnCopy, ); }; };
		5D140DEA22B6924F00F58DF1 /* SafariController.swift in Sources */ = {isa = PBXBuildFile; fileRef = 5D140DE922B6924F00F58DF1 /* SafariController.swift */; };
		5D193BEC221B4B6E0058328C /* FBUsernameController.swift in Sources */ = {isa = PBXBuildFile; fileRef = 5D193BEB221B4B6E0058328C /* FBUsernameController.swift */; };
		5D193BF9221C69460058328C /* FirebaseManager.swift in Sources */ = {isa = PBXBuildFile; fileRef = 5D193BF8221C69460058328C /* FirebaseManager.swift */; };
		5D1ECDA7220A048700298D77 /* Constants.swift in Sources */ = {isa = PBXBuildFile; fileRef = 5D1ECDA6220A048700298D77 /* Constants.swift */; };
		5D1ECDA9220A067500298D77 /* Extensions.swift in Sources */ = {isa = PBXBuildFile; fileRef = 5D1ECDA8220A067500298D77 /* Extensions.swift */; };
		5D1ECDAB220A124300298D77 /* SignUpController.swift in Sources */ = {isa = PBXBuildFile; fileRef = 5D1ECDAA220A124300298D77 /* SignUpController.swift */; };
		5D1ECDAD220A1DCD00298D77 /* LoginController.swift in Sources */ = {isa = PBXBuildFile; fileRef = 5D1ECDAC220A1DCD00298D77 /* LoginController.swift */; };
		5D1ECDB1220B348200298D77 /* InsetTextField.swift in Sources */ = {isa = PBXBuildFile; fileRef = 5D1ECDB0220B348200298D77 /* InsetTextField.swift */; };
		5D1ECDB3220B409100298D77 /* ForgotPasswordController.swift in Sources */ = {isa = PBXBuildFile; fileRef = 5D1ECDB2220B409100298D77 /* ForgotPasswordController.swift */; };
		5D1ECDB7220B648E00298D77 /* FeedController.swift in Sources */ = {isa = PBXBuildFile; fileRef = 5D1ECDB6220B648E00298D77 /* FeedController.swift */; };
		5D1ECDBA220BB22900298D77 /* SharePost.swift in Sources */ = {isa = PBXBuildFile; fileRef = 5D1ECDB9220BB22900298D77 /* SharePost.swift */; };
		5D1ECDBC220BB2AD00298D77 /* Article.swift in Sources */ = {isa = PBXBuildFile; fileRef = 5D1ECDBB220BB2AD00298D77 /* Article.swift */; };
		5D1ECDBE220BB6B300298D77 /* SharePostCell.swift in Sources */ = {isa = PBXBuildFile; fileRef = 5D1ECDBD220BB6B300298D77 /* SharePostCell.swift */; };
		5D1ECDC0220C91C600298D77 /* ArticleController.swift in Sources */ = {isa = PBXBuildFile; fileRef = 5D1ECDBF220C91C600298D77 /* ArticleController.swift */; };
		5D1ECDC2220C92D300298D77 /* SideMenuController.swift in Sources */ = {isa = PBXBuildFile; fileRef = 5D1ECDC1220C92D300298D77 /* SideMenuController.swift */; };
		5D1ECDC4220C97B600298D77 /* CreateGroupController.swift in Sources */ = {isa = PBXBuildFile; fileRef = 5D1ECDC3220C97B600298D77 /* CreateGroupController.swift */; };
		5D1ECDC6220C982C00298D77 /* QuickshareController.swift in Sources */ = {isa = PBXBuildFile; fileRef = 5D1ECDC5220C982C00298D77 /* QuickshareController.swift */; };
		5D1ECDC8220DF0F600298D77 /* ContactPermissionController.swift in Sources */ = {isa = PBXBuildFile; fileRef = 5D1ECDC7220DF0F600298D77 /* ContactPermissionController.swift */; };
		5D1ECDCB220E017800298D77 /* CreateGroupHeaderCell.swift in Sources */ = {isa = PBXBuildFile; fileRef = 5D1ECDCA220E017800298D77 /* CreateGroupHeaderCell.swift */; };
		5D1ECDCD220E068600298D77 /* CreateGroupNameCell.swift in Sources */ = {isa = PBXBuildFile; fileRef = 5D1ECDCC220E068600298D77 /* CreateGroupNameCell.swift */; };
		5D202D89224CFCD200CA90DB /* PhoneVerificationManager.swift in Sources */ = {isa = PBXBuildFile; fileRef = 5D202D88224CFCD200CA90DB /* PhoneVerificationManager.swift */; };
		5D202D8A224E831900CA90DB /* FoggyUserPreferences.swift in Sources */ = {isa = PBXBuildFile; fileRef = 5D05C2F322468B5C00B59787 /* FoggyUserPreferences.swift */; };
		5D46976C220F7B5C0065E56B /* FoggyHeaderTextCell.swift in Sources */ = {isa = PBXBuildFile; fileRef = 5D46976B220F7B5C0065E56B /* FoggyHeaderTextCell.swift */; };
		5D46976E220F7EEF0065E56B /* FoggyUser.swift in Sources */ = {isa = PBXBuildFile; fileRef = 5D46976D220F7EEF0065E56B /* FoggyUser.swift */; };
		5D469772220F91900065E56B /* CreateGroupFoggyFriendCell.swift in Sources */ = {isa = PBXBuildFile; fileRef = 5D469771220F91900065E56B /* CreateGroupFoggyFriendCell.swift */; };
		5D46977422109B520065E56B /* FoggyGroup.swift in Sources */ = {isa = PBXBuildFile; fileRef = 5D46977322109B520065E56B /* FoggyGroup.swift */; };
		5D4697772210D7BB0065E56B /* SharePostProtocol.swift in Sources */ = {isa = PBXBuildFile; fileRef = 5D4697762210D7BB0065E56B /* SharePostProtocol.swift */; };
		5D4697792210DE250065E56B /* WebController.swift in Sources */ = {isa = PBXBuildFile; fileRef = 5D4697782210DE250065E56B /* WebController.swift */; };
		5D46977B2210EB390065E56B /* ReviewController.swift in Sources */ = {isa = PBXBuildFile; fileRef = 5D46977A2210EB390065E56B /* ReviewController.swift */; };
		5D46977D221105A90065E56B /* SideMenuHeaderCell.swift in Sources */ = {isa = PBXBuildFile; fileRef = 5D46977C221105A90065E56B /* SideMenuHeaderCell.swift */; };
		5D469780221106330065E56B /* SideMenuProtocol.swift in Sources */ = {isa = PBXBuildFile; fileRef = 5D46977F221106330065E56B /* SideMenuProtocol.swift */; };
		5D469782221109420065E56B /* SideMenuTextCell.swift in Sources */ = {isa = PBXBuildFile; fileRef = 5D469781221109420065E56B /* SideMenuTextCell.swift */; };
		5D46978422110A6F0065E56B /* SideMenuGroupCell.swift in Sources */ = {isa = PBXBuildFile; fileRef = 5D46978322110A6F0065E56B /* SideMenuGroupCell.swift */; };
		5D517BF32257A69A00324F80 /* NotificationManager.swift in Sources */ = {isa = PBXBuildFile; fileRef = 5D517BF22257A69A00324F80 /* NotificationManager.swift */; };
		5D517BF52259636000324F80 /* ArticleTopBar.swift in Sources */ = {isa = PBXBuildFile; fileRef = 5D517BF42259636000324F80 /* ArticleTopBar.swift */; };
		5D68A9EE2234A5A300D77FF0 /* SharePost.swift in Sources */ = {isa = PBXBuildFile; fileRef = 5D1ECDB9220BB22900298D77 /* SharePost.swift */; };
		5D68A9EF2234A5A600D77FF0 /* Article.swift in Sources */ = {isa = PBXBuildFile; fileRef = 5D1ECDBB220BB2AD00298D77 /* Article.swift */; };
		5D68A9F02234A5AC00D77FF0 /* SearchMember.swift in Sources */ = {isa = PBXBuildFile; fileRef = 5D032D05222668B400D4B6D0 /* SearchMember.swift */; };
		5D68A9F12234A5B000D77FF0 /* HomeFeedPost.swift in Sources */ = {isa = PBXBuildFile; fileRef = 5D0E120F2230631D003D3583 /* HomeFeedPost.swift */; };
		5D71D5512220C58E00D46E76 /* GoogleService-Info11.plist in Resources */ = {isa = PBXBuildFile; fileRef = 5D71D5502220C58E00D46E76 /* GoogleService-Info11.plist */; };
		5D71D5532221F6C800D46E76 /* SelectionCell.swift in Sources */ = {isa = PBXBuildFile; fileRef = 5D71D5522221F6C800D46E76 /* SelectionCell.swift */; };
		5D71D5572223877000D46E76 /* CreateGroupAddHeader.swift in Sources */ = {isa = PBXBuildFile; fileRef = 5D71D5562223877000D46E76 /* CreateGroupAddHeader.swift */; };
		5D71D55B2224829C00D46E76 /* AddMemberTableController.swift in Sources */ = {isa = PBXBuildFile; fileRef = 5D71D55A2224829C00D46E76 /* AddMemberTableController.swift */; };
		5D71D55D2224AE3E00D46E76 /* HorizontalSelectedUserCell.swift in Sources */ = {isa = PBXBuildFile; fileRef = 5D71D55C2224AE3E00D46E76 /* HorizontalSelectedUserCell.swift */; };
		5D7E98942295D59C006082F8 /* WalkthroughManager.swift in Sources */ = {isa = PBXBuildFile; fileRef = 5D7E98932295D59C006082F8 /* WalkthroughManager.swift */; };
		5DAD6603226A564E00A3862E /* DeepLinkManager.swift in Sources */ = {isa = PBXBuildFile; fileRef = 5DAD6602226A564E00A3862E /* DeepLinkManager.swift */; };
		61C107AFB190434D5790A5EF /* Pods_Foggy_Glasses.framework in Frameworks */ = {isa = PBXBuildFile; fileRef = 281BB278E1658F35636BF528 /* Pods_Foggy_Glasses.framework */; };
		89F92B801B458406C928CAFB /* Pods_Post_To_Groups.framework in Frameworks */ = {isa = PBXBuildFile; fileRef = 23C99214818771F30448F931 /* Pods_Post_To_Groups.framework */; };
		9C710332222621E100E5A6B9 /* ContactTableViewCell.swift in Sources */ = {isa = PBXBuildFile; fileRef = 9C710331222621E100E5A6B9 /* ContactTableViewCell.swift */; };
		9C710334222731F600E5A6B9 /* GoogleService-Info2.plist in Resources */ = {isa = PBXBuildFile; fileRef = 9C710333222731F600E5A6B9 /* GoogleService-Info2.plist */; };
		9CB43BBA22380E230060729A /* ArticleImageView.swift in Sources */ = {isa = PBXBuildFile; fileRef = 9CB43BB922380E230060729A /* ArticleImageView.swift */; };
		9CB43BBF223829820060729A /* FoggyComment.swift in Sources */ = {isa = PBXBuildFile; fileRef = 9CB43BBE223829820060729A /* FoggyComment.swift */; };
		9CB43BC122382E600060729A /* EmptyCellHeader.swift in Sources */ = {isa = PBXBuildFile; fileRef = 9CB43BC022382E600060729A /* EmptyCellHeader.swift */; };
		9CB43BC52238347D0060729A /* InputAccessoryView.swift in Sources */ = {isa = PBXBuildFile; fileRef = 9CB43BC42238347D0060729A /* InputAccessoryView.swift */; };
		9CB43BC7223834830060729A /* InputAccessoryView.xib in Resources */ = {isa = PBXBuildFile; fileRef = 9CB43BC6223834830060729A /* InputAccessoryView.xib */; };
		9CB43BC9223834F00060729A /* CustomUITextView.swift in Sources */ = {isa = PBXBuildFile; fileRef = 9CB43BC8223834F00060729A /* CustomUITextView.swift */; };
		9CB43BCA223841740060729A /* FoggyComment.swift in Sources */ = {isa = PBXBuildFile; fileRef = 9CB43BBE223829820060729A /* FoggyComment.swift */; };
		9CB43BCC223841D20060729A /* CommentCollectionViewCell.swift in Sources */ = {isa = PBXBuildFile; fileRef = 9CB43BCB223841D20060729A /* CommentCollectionViewCell.swift */; };
		9CB43BCE223876150060729A /* EmptyHomeFeed.swift in Sources */ = {isa = PBXBuildFile; fileRef = 9CB43BCD223876150060729A /* EmptyHomeFeed.swift */; };
		9CB43BCF223879290060729A /* EmptyHomeFeed.swift in Sources */ = {isa = PBXBuildFile; fileRef = 9CB43BCD223876150060729A /* EmptyHomeFeed.swift */; };
		9CB43BDC22387C190060729A /* Lato-Italic.ttf in Resources */ = {isa = PBXBuildFile; fileRef = 9CB43BD122387C190060729A /* Lato-Italic.ttf */; };
		9CB43BDD22387C190060729A /* Lato-LightItalic.ttf in Resources */ = {isa = PBXBuildFile; fileRef = 9CB43BD222387C190060729A /* Lato-LightItalic.ttf */; };
		9CB43BDE22387C190060729A /* Lato-Bold.ttf in Resources */ = {isa = PBXBuildFile; fileRef = 9CB43BD322387C190060729A /* Lato-Bold.ttf */; };
		9CB43BDF22387C190060729A /* Lato-Black.ttf in Resources */ = {isa = PBXBuildFile; fileRef = 9CB43BD422387C190060729A /* Lato-Black.ttf */; };
		9CB43BE022387C190060729A /* Lato-HairlineItalic.ttf in Resources */ = {isa = PBXBuildFile; fileRef = 9CB43BD522387C190060729A /* Lato-HairlineItalic.ttf */; };
		9CB43BE122387C190060729A /* Lato-Regular.ttf in Resources */ = {isa = PBXBuildFile; fileRef = 9CB43BD622387C190060729A /* Lato-Regular.ttf */; };
		9CB43BE222387C190060729A /* Lato-Hairline.ttf in Resources */ = {isa = PBXBuildFile; fileRef = 9CB43BD722387C190060729A /* Lato-Hairline.ttf */; };
		9CB43BE322387C190060729A /* Lato-BlackItalic.ttf in Resources */ = {isa = PBXBuildFile; fileRef = 9CB43BD822387C190060729A /* Lato-BlackItalic.ttf */; };
		9CB43BE522387C190060729A /* Lato-BoldItalic.ttf in Resources */ = {isa = PBXBuildFile; fileRef = 9CB43BDA22387C190060729A /* Lato-BoldItalic.ttf */; };
		9CB43BE622387C190060729A /* Lato-Light.ttf in Resources */ = {isa = PBXBuildFile; fileRef = 9CB43BDB22387C190060729A /* Lato-Light.ttf */; };
		9CB43BEF223885440060729A /* Oswald-Bold.ttf in Resources */ = {isa = PBXBuildFile; fileRef = 9CB43BE8223885440060729A /* Oswald-Bold.ttf */; };
		9CB43BF0223885440060729A /* Oswald-SemiBold.ttf in Resources */ = {isa = PBXBuildFile; fileRef = 9CB43BE9223885440060729A /* Oswald-SemiBold.ttf */; };
		9CB43BF1223885440060729A /* Oswald-Medium.ttf in Resources */ = {isa = PBXBuildFile; fileRef = 9CB43BEA223885440060729A /* Oswald-Medium.ttf */; };
		9CB43BF2223885440060729A /* Oswald-Regular.ttf in Resources */ = {isa = PBXBuildFile; fileRef = 9CB43BEB223885440060729A /* Oswald-Regular.ttf */; };
		9CB43BF4223885440060729A /* Oswald-ExtraLight.ttf in Resources */ = {isa = PBXBuildFile; fileRef = 9CB43BED223885440060729A /* Oswald-ExtraLight.ttf */; };
		9CB43BF5223885440060729A /* Oswald-Light.ttf in Resources */ = {isa = PBXBuildFile; fileRef = 9CB43BEE223885440060729A /* Oswald-Light.ttf */; };
		9CB43BF622388B890060729A /* Oswald-Medium.ttf in Resources */ = {isa = PBXBuildFile; fileRef = 9CB43BEA223885440060729A /* Oswald-Medium.ttf */; };
		9CB43BF722388BC40060729A /* Oswald-Regular.ttf in Resources */ = {isa = PBXBuildFile; fileRef = 9CB43BEB223885440060729A /* Oswald-Regular.ttf */; };
		E14E14EF92FB23CCEA5D7C49 /* Pods_Foggy_GlassesUITests.framework in Frameworks */ = {isa = PBXBuildFile; fileRef = DB4668BDFA42C96BA26C5A60 /* Pods_Foggy_GlassesUITests.framework */; };
/* End PBXBuildFile section */

/* Begin PBXContainerItemProxy section */
		5D061AA721FEAD4200BB6056 /* PBXContainerItemProxy */ = {
			isa = PBXContainerItemProxy;
			containerPortal = 5D061A8A21FEAD4000BB6056 /* Project object */;
			proxyType = 1;
			remoteGlobalIDString = 5D061A9121FEAD4000BB6056;
			remoteInfo = "Foggy Glasses";
		};
		5D061AB221FEAD4200BB6056 /* PBXContainerItemProxy */ = {
			isa = PBXContainerItemProxy;
			containerPortal = 5D061A8A21FEAD4000BB6056 /* Project object */;
			proxyType = 1;
			remoteGlobalIDString = 5D061A9121FEAD4000BB6056;
			remoteInfo = "Foggy Glasses";
		};
		5D0E121D2231AA3D003D3583 /* PBXContainerItemProxy */ = {
			isa = PBXContainerItemProxy;
			containerPortal = 5D061A8A21FEAD4000BB6056 /* Project object */;
			proxyType = 1;
			remoteGlobalIDString = 5D0E12142231AA3D003D3583;
			remoteInfo = "Post To Groups";
		};
/* End PBXContainerItemProxy section */

/* Begin PBXCopyFilesBuildPhase section */
		5D0E11FA22304F17003D3583 /* Embed App Extensions */ = {
			isa = PBXCopyFilesBuildPhase;
			buildActionMask = 2147483647;
			dstPath = "";
			dstSubfolderSpec = 13;
			files = (
				5D0E121F2231AA3D003D3583 /* Post To Groups.appex in Embed App Extensions */,
			);
			name = "Embed App Extensions";
			runOnlyForDeploymentPostprocessing = 0;
		};
/* End PBXCopyFilesBuildPhase section */

/* Begin PBXFileReference section */
		08C294AA5FEB429D782F8059 /* Pods-Foggy Glasses.release.xcconfig */ = {isa = PBXFileReference; includeInIndex = 1; lastKnownFileType = text.xcconfig; name = "Pods-Foggy Glasses.release.xcconfig"; path = "Pods/Target Support Files/Pods-Foggy Glasses/Pods-Foggy Glasses.release.xcconfig"; sourceTree = "<group>"; };
		23C99214818771F30448F931 /* Pods_Post_To_Groups.framework */ = {isa = PBXFileReference; explicitFileType = wrapper.framework; includeInIndex = 0; path = Pods_Post_To_Groups.framework; sourceTree = BUILT_PRODUCTS_DIR; };
		281BB278E1658F35636BF528 /* Pods_Foggy_Glasses.framework */ = {isa = PBXFileReference; explicitFileType = wrapper.framework; includeInIndex = 0; path = Pods_Foggy_Glasses.framework; sourceTree = BUILT_PRODUCTS_DIR; };
		5D032D05222668B400D4B6D0 /* SearchMember.swift */ = {isa = PBXFileReference; lastKnownFileType = sourcecode.swift; path = SearchMember.swift; sourceTree = "<group>"; };
		5D032D092227AEDB00D4B6D0 /* SwipeableCollectionViewCell.swift */ = {isa = PBXFileReference; lastKnownFileType = sourcecode.swift; path = SwipeableCollectionViewCell.swift; sourceTree = "<group>"; };
		5D032D0C222AD25800D4B6D0 /* EnableSharingController.swift */ = {isa = PBXFileReference; lastKnownFileType = sourcecode.swift; path = EnableSharingController.swift; sourceTree = "<group>"; };
		5D032D0E222AE42100D4B6D0 /* SuccessCreateGroupController.swift */ = {isa = PBXFileReference; lastKnownFileType = sourcecode.swift; path = SuccessCreateGroupController.swift; sourceTree = "<group>"; };
		5D032D10222AFA4000D4B6D0 /* GroupSelectionCell.swift */ = {isa = PBXFileReference; lastKnownFileType = sourcecode.swift; path = GroupSelectionCell.swift; sourceTree = "<group>"; };
		5D032D12222AFECA00D4B6D0 /* GroupFriendsTitleCell.swift */ = {isa = PBXFileReference; lastKnownFileType = sourcecode.swift; path = GroupFriendsTitleCell.swift; sourceTree = "<group>"; };
		5D032D14222B4D0500D4B6D0 /* SavedArticleSelectCell.swift */ = {isa = PBXFileReference; lastKnownFileType = sourcecode.swift; path = SavedArticleSelectCell.swift; sourceTree = "<group>"; };
		5D032D16222B4FDC00D4B6D0 /* SavedArticlesCollectionController.swift */ = {isa = PBXFileReference; lastKnownFileType = sourcecode.swift; path = SavedArticlesCollectionController.swift; sourceTree = "<group>"; };
		5D032D19222B507B00D4B6D0 /* ArticleCollectionViewCell.swift */ = {isa = PBXFileReference; lastKnownFileType = sourcecode.swift; path = ArticleCollectionViewCell.swift; sourceTree = "<group>"; };
		5D05C2DE224057D000B59787 /* PendingGroupController.swift */ = {isa = PBXFileReference; lastKnownFileType = sourcecode.swift; path = PendingGroupController.swift; sourceTree = "<group>"; };
		5D05C2E02242165C00B59787 /* FeedHideManager.swift */ = {isa = PBXFileReference; lastKnownFileType = sourcecode.swift; path = FeedHideManager.swift; sourceTree = "<group>"; };
		5D05C2E22245923C00B59787 /* GroupSettingsController.swift */ = {isa = PBXFileReference; lastKnownFileType = sourcecode.swift; path = GroupSettingsController.swift; sourceTree = "<group>"; };
		5D05C2E42245926100B59787 /* MainSettingsController.swift */ = {isa = PBXFileReference; lastKnownFileType = sourcecode.swift; path = MainSettingsController.swift; sourceTree = "<group>"; };
		5D05C2E722459A2C00B59787 /* SettingsHeaderCell.swift */ = {isa = PBXFileReference; lastKnownFileType = sourcecode.swift; path = SettingsHeaderCell.swift; sourceTree = "<group>"; };
		5D05C2E92245AC8200B59787 /* SettingsSwitchCell.swift */ = {isa = PBXFileReference; lastKnownFileType = sourcecode.swift; path = SettingsSwitchCell.swift; sourceTree = "<group>"; };
		5D05C2EB2245B2ED00B59787 /* SettingsArrowCell.swift */ = {isa = PBXFileReference; lastKnownFileType = sourcecode.swift; path = SettingsArrowCell.swift; sourceTree = "<group>"; };
		5D05C2ED2245B86C00B59787 /* SettingsLogoutCell.swift */ = {isa = PBXFileReference; lastKnownFileType = sourcecode.swift; path = SettingsLogoutCell.swift; sourceTree = "<group>"; };
		5D05C2EF2245F63000B59787 /* SettingsDeleteCell.swift */ = {isa = PBXFileReference; lastKnownFileType = sourcecode.swift; path = SettingsDeleteCell.swift; sourceTree = "<group>"; };
		5D05C2F12245F83300B59787 /* SettingsVersionCell.swift */ = {isa = PBXFileReference; lastKnownFileType = sourcecode.swift; path = SettingsVersionCell.swift; sourceTree = "<group>"; };
		5D05C2F322468B5C00B59787 /* FoggyUserPreferences.swift */ = {isa = PBXFileReference; lastKnownFileType = sourcecode.swift; path = FoggyUserPreferences.swift; sourceTree = "<group>"; };
		5D05C2F522468B9200B59787 /* MultiGroupSharePost.swift */ = {isa = PBXFileReference; lastKnownFileType = sourcecode.swift; path = MultiGroupSharePost.swift; sourceTree = "<group>"; };
		5D05C2F8224695DC00B59787 /* MultiGroupSharePostCell.swift */ = {isa = PBXFileReference; lastKnownFileType = sourcecode.swift; path = MultiGroupSharePostCell.swift; sourceTree = "<group>"; };
		5D05C2FA2246A16700B59787 /* HorizontalGroupCell.swift */ = {isa = PBXFileReference; lastKnownFileType = sourcecode.swift; path = HorizontalGroupCell.swift; sourceTree = "<group>"; };
		5D061A9221FEAD4000BB6056 /* Foggy Glasses.app */ = {isa = PBXFileReference; explicitFileType = wrapper.application; includeInIndex = 0; path = "Foggy Glasses.app"; sourceTree = BUILT_PRODUCTS_DIR; };
		5D061A9521FEAD4000BB6056 /* AppDelegate.swift */ = {isa = PBXFileReference; lastKnownFileType = sourcecode.swift; path = AppDelegate.swift; sourceTree = "<group>"; };
		5D061A9721FEAD4000BB6056 /* WelcomeController.swift */ = {isa = PBXFileReference; lastKnownFileType = sourcecode.swift; path = WelcomeController.swift; sourceTree = "<group>"; };
		5D061A9A21FEAD4000BB6056 /* Base */ = {isa = PBXFileReference; lastKnownFileType = file.storyboard; name = Base; path = Base.lproj/Main.storyboard; sourceTree = "<group>"; };
		5D061A9C21FEAD4200BB6056 /* Assets.xcassets */ = {isa = PBXFileReference; lastKnownFileType = folder.assetcatalog; path = Assets.xcassets; sourceTree = "<group>"; };
		5D061A9F21FEAD4200BB6056 /* Base */ = {isa = PBXFileReference; lastKnownFileType = file.storyboard; name = Base; path = Base.lproj/LaunchScreen.storyboard; sourceTree = "<group>"; };
		5D061AA121FEAD4200BB6056 /* Info.plist */ = {isa = PBXFileReference; lastKnownFileType = text.plist.xml; path = Info.plist; sourceTree = "<group>"; };
		5D061AA621FEAD4200BB6056 /* Foggy GlassesTests.xctest */ = {isa = PBXFileReference; explicitFileType = wrapper.cfbundle; includeInIndex = 0; path = "Foggy GlassesTests.xctest"; sourceTree = BUILT_PRODUCTS_DIR; };
		5D061AAA21FEAD4200BB6056 /* Foggy_GlassesTests.swift */ = {isa = PBXFileReference; lastKnownFileType = sourcecode.swift; path = Foggy_GlassesTests.swift; sourceTree = "<group>"; };
		5D061AAC21FEAD4200BB6056 /* Info.plist */ = {isa = PBXFileReference; lastKnownFileType = text.plist.xml; path = Info.plist; sourceTree = "<group>"; };
		5D061AB121FEAD4200BB6056 /* Foggy GlassesUITests.xctest */ = {isa = PBXFileReference; explicitFileType = wrapper.cfbundle; includeInIndex = 0; path = "Foggy GlassesUITests.xctest"; sourceTree = BUILT_PRODUCTS_DIR; };
		5D061AB521FEAD4200BB6056 /* Foggy_GlassesUITests.swift */ = {isa = PBXFileReference; lastKnownFileType = sourcecode.swift; path = Foggy_GlassesUITests.swift; sourceTree = "<group>"; };
		5D061AB721FEAD4200BB6056 /* Info.plist */ = {isa = PBXFileReference; lastKnownFileType = text.plist.xml; path = Info.plist; sourceTree = "<group>"; };
		5D068240225EC99100FCD80C /* GoogleService-Info.plist */ = {isa = PBXFileReference; fileEncoding = 4; lastKnownFileType = text.plist.xml; path = "GoogleService-Info.plist"; sourceTree = "<group>"; };
		5D0701FC2232D8850006CB10 /* Post To Groups.entitlements */ = {isa = PBXFileReference; lastKnownFileType = text.plist.entitlements; path = "Post To Groups.entitlements"; sourceTree = "<group>"; };
		5D0702002232E4930006CB10 /* ShareSelectViewController.swift */ = {isa = PBXFileReference; lastKnownFileType = sourcecode.swift; path = ShareSelectViewController.swift; sourceTree = "<group>"; };
		5D0702052232EEF10006CB10 /* ShareSelectTableViewCell.swift */ = {isa = PBXFileReference; lastKnownFileType = sourcecode.swift; path = ShareSelectTableViewCell.swift; sourceTree = "<group>"; };
		5D0702072232F5310006CB10 /* GoogleService-Info.plist */ = {isa = PBXFileReference; fileEncoding = 4; lastKnownFileType = text.plist.xml; path = "GoogleService-Info.plist"; sourceTree = "<group>"; };
		5D09A71B2237E43C005438DD /* Share.js */ = {isa = PBXFileReference; lastKnownFileType = sourcecode.javascript; path = Share.js; sourceTree = "<group>"; xcLanguageSpecificationIdentifier = xcode.lang.javascript; };
		5D0B569A221DDB420098041E /* EmailVerificationController.swift */ = {isa = PBXFileReference; lastKnownFileType = sourcecode.swift; path = EmailVerificationController.swift; sourceTree = "<group>"; };
		5D0E11E622304DAF003D3583 /* AuthenticationServices.framework */ = {isa = PBXFileReference; lastKnownFileType = wrapper.framework; name = AuthenticationServices.framework; path = System/Library/Frameworks/AuthenticationServices.framework; sourceTree = SDKROOT; };
		5D0E120F2230631D003D3583 /* HomeFeedPost.swift */ = {isa = PBXFileReference; lastKnownFileType = sourcecode.swift; path = HomeFeedPost.swift; sourceTree = "<group>"; };
		5D0E12152231AA3D003D3583 /* Post To Groups.appex */ = {isa = PBXFileReference; explicitFileType = "wrapper.app-extension"; includeInIndex = 0; path = "Post To Groups.appex"; sourceTree = BUILT_PRODUCTS_DIR; };
		5D0E12172231AA3D003D3583 /* ShareViewController.swift */ = {isa = PBXFileReference; lastKnownFileType = sourcecode.swift; path = ShareViewController.swift; sourceTree = "<group>"; };
		5D0E121A2231AA3D003D3583 /* Base */ = {isa = PBXFileReference; lastKnownFileType = file.storyboard; name = Base; path = Base.lproj/MainInterface.storyboard; sourceTree = "<group>"; };
		5D0E121C2231AA3D003D3583 /* Info.plist */ = {isa = PBXFileReference; lastKnownFileType = text.plist.xml; path = Info.plist; sourceTree = "<group>"; };
		5D140DE922B6924F00F58DF1 /* SafariController.swift */ = {isa = PBXFileReference; lastKnownFileType = sourcecode.swift; path = SafariController.swift; sourceTree = "<group>"; };
		5D193BEB221B4B6E0058328C /* FBUsernameController.swift */ = {isa = PBXFileReference; lastKnownFileType = sourcecode.swift; path = FBUsernameController.swift; sourceTree = "<group>"; };
		5D193BF8221C69460058328C /* FirebaseManager.swift */ = {isa = PBXFileReference; lastKnownFileType = sourcecode.swift; path = FirebaseManager.swift; sourceTree = "<group>"; };
		5D1ECDA6220A048700298D77 /* Constants.swift */ = {isa = PBXFileReference; lastKnownFileType = sourcecode.swift; path = Constants.swift; sourceTree = "<group>"; };
		5D1ECDA8220A067500298D77 /* Extensions.swift */ = {isa = PBXFileReference; lastKnownFileType = sourcecode.swift; path = Extensions.swift; sourceTree = "<group>"; };
		5D1ECDAA220A124300298D77 /* SignUpController.swift */ = {isa = PBXFileReference; lastKnownFileType = sourcecode.swift; path = SignUpController.swift; sourceTree = "<group>"; };
		5D1ECDAC220A1DCD00298D77 /* LoginController.swift */ = {isa = PBXFileReference; lastKnownFileType = sourcecode.swift; path = LoginController.swift; sourceTree = "<group>"; };
		5D1ECDB0220B348200298D77 /* InsetTextField.swift */ = {isa = PBXFileReference; lastKnownFileType = sourcecode.swift; path = InsetTextField.swift; sourceTree = "<group>"; };
		5D1ECDB2220B409100298D77 /* ForgotPasswordController.swift */ = {isa = PBXFileReference; lastKnownFileType = sourcecode.swift; path = ForgotPasswordController.swift; sourceTree = "<group>"; };
		5D1ECDB6220B648E00298D77 /* FeedController.swift */ = {isa = PBXFileReference; lastKnownFileType = sourcecode.swift; path = FeedController.swift; sourceTree = "<group>"; };
		5D1ECDB9220BB22900298D77 /* SharePost.swift */ = {isa = PBXFileReference; lastKnownFileType = sourcecode.swift; path = SharePost.swift; sourceTree = "<group>"; };
		5D1ECDBB220BB2AD00298D77 /* Article.swift */ = {isa = PBXFileReference; lastKnownFileType = sourcecode.swift; path = Article.swift; sourceTree = "<group>"; };
		5D1ECDBD220BB6B300298D77 /* SharePostCell.swift */ = {isa = PBXFileReference; lastKnownFileType = sourcecode.swift; path = SharePostCell.swift; sourceTree = "<group>"; };
		5D1ECDBF220C91C600298D77 /* ArticleController.swift */ = {isa = PBXFileReference; lastKnownFileType = sourcecode.swift; path = ArticleController.swift; sourceTree = "<group>"; };
		5D1ECDC1220C92D300298D77 /* SideMenuController.swift */ = {isa = PBXFileReference; lastKnownFileType = sourcecode.swift; path = SideMenuController.swift; sourceTree = "<group>"; };
		5D1ECDC3220C97B600298D77 /* CreateGroupController.swift */ = {isa = PBXFileReference; lastKnownFileType = sourcecode.swift; path = CreateGroupController.swift; sourceTree = "<group>"; };
		5D1ECDC5220C982C00298D77 /* QuickshareController.swift */ = {isa = PBXFileReference; lastKnownFileType = sourcecode.swift; path = QuickshareController.swift; sourceTree = "<group>"; };
		5D1ECDC7220DF0F600298D77 /* ContactPermissionController.swift */ = {isa = PBXFileReference; lastKnownFileType = sourcecode.swift; path = ContactPermissionController.swift; sourceTree = "<group>"; };
		5D1ECDCA220E017800298D77 /* CreateGroupHeaderCell.swift */ = {isa = PBXFileReference; lastKnownFileType = sourcecode.swift; path = CreateGroupHeaderCell.swift; sourceTree = "<group>"; };
		5D1ECDCC220E068600298D77 /* CreateGroupNameCell.swift */ = {isa = PBXFileReference; lastKnownFileType = sourcecode.swift; path = CreateGroupNameCell.swift; sourceTree = "<group>"; };
		5D202D88224CFCD200CA90DB /* PhoneVerificationManager.swift */ = {isa = PBXFileReference; lastKnownFileType = sourcecode.swift; path = PhoneVerificationManager.swift; sourceTree = "<group>"; };
		5D36A6C02219BC6B005503A6 /* Foggy Glasses.entitlements */ = {isa = PBXFileReference; lastKnownFileType = text.plist.entitlements; path = "Foggy Glasses.entitlements"; sourceTree = "<group>"; };
		5D46976B220F7B5C0065E56B /* FoggyHeaderTextCell.swift */ = {isa = PBXFileReference; lastKnownFileType = sourcecode.swift; path = FoggyHeaderTextCell.swift; sourceTree = "<group>"; };
		5D46976D220F7EEF0065E56B /* FoggyUser.swift */ = {isa = PBXFileReference; lastKnownFileType = sourcecode.swift; path = FoggyUser.swift; sourceTree = "<group>"; };
		5D469771220F91900065E56B /* CreateGroupFoggyFriendCell.swift */ = {isa = PBXFileReference; lastKnownFileType = sourcecode.swift; path = CreateGroupFoggyFriendCell.swift; sourceTree = "<group>"; };
		5D46977322109B520065E56B /* FoggyGroup.swift */ = {isa = PBXFileReference; lastKnownFileType = sourcecode.swift; path = FoggyGroup.swift; sourceTree = "<group>"; };
		5D4697762210D7BB0065E56B /* SharePostProtocol.swift */ = {isa = PBXFileReference; lastKnownFileType = sourcecode.swift; path = SharePostProtocol.swift; sourceTree = "<group>"; };
		5D4697782210DE250065E56B /* WebController.swift */ = {isa = PBXFileReference; lastKnownFileType = sourcecode.swift; path = WebController.swift; sourceTree = "<group>"; };
		5D46977A2210EB390065E56B /* ReviewController.swift */ = {isa = PBXFileReference; lastKnownFileType = sourcecode.swift; path = ReviewController.swift; sourceTree = "<group>"; };
		5D46977C221105A90065E56B /* SideMenuHeaderCell.swift */ = {isa = PBXFileReference; lastKnownFileType = sourcecode.swift; path = SideMenuHeaderCell.swift; sourceTree = "<group>"; };
		5D46977F221106330065E56B /* SideMenuProtocol.swift */ = {isa = PBXFileReference; lastKnownFileType = sourcecode.swift; path = SideMenuProtocol.swift; sourceTree = "<group>"; };
		5D469781221109420065E56B /* SideMenuTextCell.swift */ = {isa = PBXFileReference; lastKnownFileType = sourcecode.swift; path = SideMenuTextCell.swift; sourceTree = "<group>"; };
		5D46978322110A6F0065E56B /* SideMenuGroupCell.swift */ = {isa = PBXFileReference; lastKnownFileType = sourcecode.swift; path = SideMenuGroupCell.swift; sourceTree = "<group>"; };
		5D517BF22257A69A00324F80 /* NotificationManager.swift */ = {isa = PBXFileReference; lastKnownFileType = sourcecode.swift; path = NotificationManager.swift; sourceTree = "<group>"; };
		5D517BF42259636000324F80 /* ArticleTopBar.swift */ = {isa = PBXFileReference; lastKnownFileType = sourcecode.swift; path = ArticleTopBar.swift; sourceTree = "<group>"; };
		5D71D5502220C58E00D46E76 /* GoogleService-Info11.plist */ = {isa = PBXFileReference; fileEncoding = 4; lastKnownFileType = text.plist.xml; path = "GoogleService-Info11.plist"; sourceTree = "<group>"; };
		5D71D5522221F6C800D46E76 /* SelectionCell.swift */ = {isa = PBXFileReference; lastKnownFileType = sourcecode.swift; path = SelectionCell.swift; sourceTree = "<group>"; };
		5D71D5562223877000D46E76 /* CreateGroupAddHeader.swift */ = {isa = PBXFileReference; lastKnownFileType = sourcecode.swift; path = CreateGroupAddHeader.swift; sourceTree = "<group>"; };
		5D71D55A2224829C00D46E76 /* AddMemberTableController.swift */ = {isa = PBXFileReference; lastKnownFileType = sourcecode.swift; path = AddMemberTableController.swift; sourceTree = "<group>"; };
		5D71D55C2224AE3E00D46E76 /* HorizontalSelectedUserCell.swift */ = {isa = PBXFileReference; lastKnownFileType = sourcecode.swift; path = HorizontalSelectedUserCell.swift; sourceTree = "<group>"; };
		5D7E98932295D59C006082F8 /* WalkthroughManager.swift */ = {isa = PBXFileReference; lastKnownFileType = sourcecode.swift; path = WalkthroughManager.swift; sourceTree = "<group>"; };
		5DAD6602226A564E00A3862E /* DeepLinkManager.swift */ = {isa = PBXFileReference; lastKnownFileType = sourcecode.swift; path = DeepLinkManager.swift; sourceTree = "<group>"; };
		6665AAF76EA050C413A9A232 /* Pods-Foggy GlassesUITests.release.xcconfig */ = {isa = PBXFileReference; includeInIndex = 1; lastKnownFileType = text.xcconfig; name = "Pods-Foggy GlassesUITests.release.xcconfig"; path = "Pods/Target Support Files/Pods-Foggy GlassesUITests/Pods-Foggy GlassesUITests.release.xcconfig"; sourceTree = "<group>"; };
		893376C7B1E8C04AAF3D0F4F /* Pods_Foggy_GlassesTests.framework */ = {isa = PBXFileReference; explicitFileType = wrapper.framework; includeInIndex = 0; path = Pods_Foggy_GlassesTests.framework; sourceTree = BUILT_PRODUCTS_DIR; };
		9C710331222621E100E5A6B9 /* ContactTableViewCell.swift */ = {isa = PBXFileReference; lastKnownFileType = sourcecode.swift; path = ContactTableViewCell.swift; sourceTree = "<group>"; };
		9C710333222731F600E5A6B9 /* GoogleService-Info2.plist */ = {isa = PBXFileReference; fileEncoding = 4; lastKnownFileType = text.plist.xml; path = "GoogleService-Info2.plist"; sourceTree = "<group>"; };
		9CB43BB922380E230060729A /* ArticleImageView.swift */ = {isa = PBXFileReference; lastKnownFileType = sourcecode.swift; path = ArticleImageView.swift; sourceTree = "<group>"; };
		9CB43BBE223829820060729A /* FoggyComment.swift */ = {isa = PBXFileReference; lastKnownFileType = sourcecode.swift; path = FoggyComment.swift; sourceTree = "<group>"; };
		9CB43BC022382E600060729A /* EmptyCellHeader.swift */ = {isa = PBXFileReference; lastKnownFileType = sourcecode.swift; path = EmptyCellHeader.swift; sourceTree = "<group>"; };
		9CB43BC42238347D0060729A /* InputAccessoryView.swift */ = {isa = PBXFileReference; fileEncoding = 4; lastKnownFileType = sourcecode.swift; path = InputAccessoryView.swift; sourceTree = "<group>"; };
		9CB43BC6223834830060729A /* InputAccessoryView.xib */ = {isa = PBXFileReference; fileEncoding = 4; lastKnownFileType = file.xib; path = InputAccessoryView.xib; sourceTree = "<group>"; };
		9CB43BC8223834F00060729A /* CustomUITextView.swift */ = {isa = PBXFileReference; fileEncoding = 4; lastKnownFileType = sourcecode.swift; path = CustomUITextView.swift; sourceTree = "<group>"; };
		9CB43BCB223841D20060729A /* CommentCollectionViewCell.swift */ = {isa = PBXFileReference; lastKnownFileType = sourcecode.swift; path = CommentCollectionViewCell.swift; sourceTree = "<group>"; };
		9CB43BCD223876150060729A /* EmptyHomeFeed.swift */ = {isa = PBXFileReference; lastKnownFileType = sourcecode.swift; path = EmptyHomeFeed.swift; sourceTree = "<group>"; };
		9CB43BD122387C190060729A /* Lato-Italic.ttf */ = {isa = PBXFileReference; lastKnownFileType = file; path = "Lato-Italic.ttf"; sourceTree = "<group>"; };
		9CB43BD222387C190060729A /* Lato-LightItalic.ttf */ = {isa = PBXFileReference; lastKnownFileType = file; path = "Lato-LightItalic.ttf"; sourceTree = "<group>"; };
		9CB43BD322387C190060729A /* Lato-Bold.ttf */ = {isa = PBXFileReference; lastKnownFileType = file; path = "Lato-Bold.ttf"; sourceTree = "<group>"; };
		9CB43BD422387C190060729A /* Lato-Black.ttf */ = {isa = PBXFileReference; lastKnownFileType = file; path = "Lato-Black.ttf"; sourceTree = "<group>"; };
		9CB43BD522387C190060729A /* Lato-HairlineItalic.ttf */ = {isa = PBXFileReference; lastKnownFileType = file; path = "Lato-HairlineItalic.ttf"; sourceTree = "<group>"; };
		9CB43BD622387C190060729A /* Lato-Regular.ttf */ = {isa = PBXFileReference; lastKnownFileType = file; path = "Lato-Regular.ttf"; sourceTree = "<group>"; };
		9CB43BD722387C190060729A /* Lato-Hairline.ttf */ = {isa = PBXFileReference; lastKnownFileType = file; path = "Lato-Hairline.ttf"; sourceTree = "<group>"; };
		9CB43BD822387C190060729A /* Lato-BlackItalic.ttf */ = {isa = PBXFileReference; lastKnownFileType = file; path = "Lato-BlackItalic.ttf"; sourceTree = "<group>"; };
		9CB43BDA22387C190060729A /* Lato-BoldItalic.ttf */ = {isa = PBXFileReference; lastKnownFileType = file; path = "Lato-BoldItalic.ttf"; sourceTree = "<group>"; };
		9CB43BDB22387C190060729A /* Lato-Light.ttf */ = {isa = PBXFileReference; lastKnownFileType = file; path = "Lato-Light.ttf"; sourceTree = "<group>"; };
		9CB43BE8223885440060729A /* Oswald-Bold.ttf */ = {isa = PBXFileReference; lastKnownFileType = file; path = "Oswald-Bold.ttf"; sourceTree = "<group>"; };
		9CB43BE9223885440060729A /* Oswald-SemiBold.ttf */ = {isa = PBXFileReference; lastKnownFileType = file; path = "Oswald-SemiBold.ttf"; sourceTree = "<group>"; };
		9CB43BEA223885440060729A /* Oswald-Medium.ttf */ = {isa = PBXFileReference; lastKnownFileType = file; path = "Oswald-Medium.ttf"; sourceTree = "<group>"; };
		9CB43BEB223885440060729A /* Oswald-Regular.ttf */ = {isa = PBXFileReference; lastKnownFileType = file; path = "Oswald-Regular.ttf"; sourceTree = "<group>"; };
		9CB43BED223885440060729A /* Oswald-ExtraLight.ttf */ = {isa = PBXFileReference; lastKnownFileType = file; path = "Oswald-ExtraLight.ttf"; sourceTree = "<group>"; };
		9CB43BEE223885440060729A /* Oswald-Light.ttf */ = {isa = PBXFileReference; lastKnownFileType = file; path = "Oswald-Light.ttf"; sourceTree = "<group>"; };
		CC4472B4CB76F2F367A5C518 /* Pods-Foggy GlassesTests.release.xcconfig */ = {isa = PBXFileReference; includeInIndex = 1; lastKnownFileType = text.xcconfig; name = "Pods-Foggy GlassesTests.release.xcconfig"; path = "Pods/Target Support Files/Pods-Foggy GlassesTests/Pods-Foggy GlassesTests.release.xcconfig"; sourceTree = "<group>"; };
		DB4668BDFA42C96BA26C5A60 /* Pods_Foggy_GlassesUITests.framework */ = {isa = PBXFileReference; explicitFileType = wrapper.framework; includeInIndex = 0; path = Pods_Foggy_GlassesUITests.framework; sourceTree = BUILT_PRODUCTS_DIR; };
		F7A43ACBE7F17A5D24DE13B0 /* Pods-Post To Groups.release.xcconfig */ = {isa = PBXFileReference; includeInIndex = 1; lastKnownFileType = text.xcconfig; name = "Pods-Post To Groups.release.xcconfig"; path = "Pods/Target Support Files/Pods-Post To Groups/Pods-Post To Groups.release.xcconfig"; sourceTree = "<group>"; };
/* End PBXFileReference section */

/* Begin PBXFrameworksBuildPhase section */
		5D061A8F21FEAD4000BB6056 /* Frameworks */ = {
			isa = PBXFrameworksBuildPhase;
			buildActionMask = 2147483647;
			files = (
				5D0E11E722304DAF003D3583 /* AuthenticationServices.framework in Frameworks */,
				61C107AFB190434D5790A5EF /* Pods_Foggy_Glasses.framework in Frameworks */,
			);
			runOnlyForDeploymentPostprocessing = 0;
		};
		5D061AA321FEAD4200BB6056 /* Frameworks */ = {
			isa = PBXFrameworksBuildPhase;
			buildActionMask = 2147483647;
			files = (
				150566BDCF8FEBA1B2B16DC2 /* Pods_Foggy_GlassesTests.framework in Frameworks */,
			);
			runOnlyForDeploymentPostprocessing = 0;
		};
		5D061AAE21FEAD4200BB6056 /* Frameworks */ = {
			isa = PBXFrameworksBuildPhase;
			buildActionMask = 2147483647;
			files = (
				E14E14EF92FB23CCEA5D7C49 /* Pods_Foggy_GlassesUITests.framework in Frameworks */,
			);
			runOnlyForDeploymentPostprocessing = 0;
		};
		5D0E12122231AA3D003D3583 /* Frameworks */ = {
			isa = PBXFrameworksBuildPhase;
			buildActionMask = 2147483647;
			files = (
				89F92B801B458406C928CAFB /* Pods_Post_To_Groups.framework in Frameworks */,
			);
			runOnlyForDeploymentPostprocessing = 0;
		};
/* End PBXFrameworksBuildPhase section */

/* Begin PBXGroup section */
		5D032D072227029F00D4B6D0 /* Select Members */ = {
			isa = PBXGroup;
			children = (
				5D71D55A2224829C00D46E76 /* AddMemberTableController.swift */,
				9C710331222621E100E5A6B9 /* ContactTableViewCell.swift */,
				5D71D55C2224AE3E00D46E76 /* HorizontalSelectedUserCell.swift */,
			);
			path = "Select Members";
			sourceTree = "<group>";
		};
		5D032D082227039600D4B6D0 /* Cells */ = {
			isa = PBXGroup;
			children = (
				5D71D5562223877000D46E76 /* CreateGroupAddHeader.swift */,
				5D1ECDCA220E017800298D77 /* CreateGroupHeaderCell.swift */,
				5D1ECDCC220E068600298D77 /* CreateGroupNameCell.swift */,
				5D469771220F91900065E56B /* CreateGroupFoggyFriendCell.swift */,
				5D71D5522221F6C800D46E76 /* SelectionCell.swift */,
			);
			path = Cells;
			sourceTree = "<group>";
		};
		5D032D0B222869A800D4B6D0 /* Share Article */ = {
			isa = PBXGroup;
			children = (
				5D1ECDC5220C982C00298D77 /* QuickshareController.swift */,
				5D032D10222AFA4000D4B6D0 /* GroupSelectionCell.swift */,
				5D032D12222AFECA00D4B6D0 /* GroupFriendsTitleCell.swift */,
				5D032D14222B4D0500D4B6D0 /* SavedArticleSelectCell.swift */,
				5D46977A2210EB390065E56B /* ReviewController.swift */,
			);
			path = "Share Article";
			sourceTree = "<group>";
		};
		5D032D18222B4FE500D4B6D0 /* Saved Articles */ = {
			isa = PBXGroup;
			children = (
				5D032D16222B4FDC00D4B6D0 /* SavedArticlesCollectionController.swift */,
				5D032D19222B507B00D4B6D0 /* ArticleCollectionViewCell.swift */,
				5D517BF42259636000324F80 /* ArticleTopBar.swift */,
			);
			path = "Saved Articles";
			sourceTree = "<group>";
		};
		5D05C2E62245927800B59787 /* Settings */ = {
			isa = PBXGroup;
			children = (
				5D05C2E22245923C00B59787 /* GroupSettingsController.swift */,
				5D05C2E42245926100B59787 /* MainSettingsController.swift */,
				5D05C2E722459A2C00B59787 /* SettingsHeaderCell.swift */,
				5D05C2E92245AC8200B59787 /* SettingsSwitchCell.swift */,
				5D05C2EB2245B2ED00B59787 /* SettingsArrowCell.swift */,
				5D05C2ED2245B86C00B59787 /* SettingsLogoutCell.swift */,
				5D05C2EF2245F63000B59787 /* SettingsDeleteCell.swift */,
				5D05C2F12245F83300B59787 /* SettingsVersionCell.swift */,
			);
			path = Settings;
			sourceTree = "<group>";
		};
		5D061A8921FEAD4000BB6056 = {
			isa = PBXGroup;
			children = (
				5D061A9421FEAD4000BB6056 /* Foggy Glasses */,
				5D061AA921FEAD4200BB6056 /* Foggy GlassesTests */,
				5D061AB421FEAD4200BB6056 /* Foggy GlassesUITests */,
				5D0E12162231AA3D003D3583 /* Post To Groups */,
				5D061A9321FEAD4000BB6056 /* Products */,
				FEEADC8A8ED14910BDAD2D1F /* Frameworks */,
				B28B402D56B2B5867A173946 /* Pods */,
			);
			sourceTree = "<group>";
		};
		5D061A9321FEAD4000BB6056 /* Products */ = {
			isa = PBXGroup;
			children = (
				5D061A9221FEAD4000BB6056 /* Foggy Glasses.app */,
				5D061AA621FEAD4200BB6056 /* Foggy GlassesTests.xctest */,
				5D061AB121FEAD4200BB6056 /* Foggy GlassesUITests.xctest */,
				5D0E12152231AA3D003D3583 /* Post To Groups.appex */,
			);
			name = Products;
			sourceTree = "<group>";
		};
		5D061A9421FEAD4000BB6056 /* Foggy Glasses */ = {
			isa = PBXGroup;
			children = (
				5D36A6C02219BC6B005503A6 /* Foggy Glasses.entitlements */,
				5D061AA121FEAD4200BB6056 /* Info.plist */,
				5D061A9C21FEAD4200BB6056 /* Assets.xcassets */,
				5D061A9521FEAD4000BB6056 /* AppDelegate.swift */,
				5D1ECDB0220B348200298D77 /* InsetTextField.swift */,
				5D46976B220F7B5C0065E56B /* FoggyHeaderTextCell.swift */,
				5DAD6602226A564E00A3862E /* DeepLinkManager.swift */,
				5D517BF22257A69A00324F80 /* NotificationManager.swift */,
				5D202D88224CFCD200CA90DB /* PhoneVerificationManager.swift */,
				5D05C2E02242165C00B59787 /* FeedHideManager.swift */,
				5D193BF8221C69460058328C /* FirebaseManager.swift */,
				5D7E98932295D59C006082F8 /* WalkthroughManager.swift */,
				5D1ECDAE220B346900298D77 /* Ui */,
				5D4697782210DE250065E56B /* WebController.swift */,
				5D1ECDB8220BB1F800298D77 /* Models */,
				5D1ECDAF220B347300298D77 /* Extras */,
			);
			path = "Foggy Glasses";
			sourceTree = "<group>";
		};
		5D061AA921FEAD4200BB6056 /* Foggy GlassesTests */ = {
			isa = PBXGroup;
			children = (
				5D061AAA21FEAD4200BB6056 /* Foggy_GlassesTests.swift */,
				5D061AAC21FEAD4200BB6056 /* Info.plist */,
			);
			path = "Foggy GlassesTests";
			sourceTree = "<group>";
		};
		5D061AB421FEAD4200BB6056 /* Foggy GlassesUITests */ = {
			isa = PBXGroup;
			children = (
				5D061AB521FEAD4200BB6056 /* Foggy_GlassesUITests.swift */,
				5D061AB721FEAD4200BB6056 /* Info.plist */,
			);
			path = "Foggy GlassesUITests";
			sourceTree = "<group>";
		};
		5D0E12162231AA3D003D3583 /* Post To Groups */ = {
			isa = PBXGroup;
			children = (
				5D0701FC2232D8850006CB10 /* Post To Groups.entitlements */,
				5D0E12172231AA3D003D3583 /* ShareViewController.swift */,
				5D0702002232E4930006CB10 /* ShareSelectViewController.swift */,
				5D0702052232EEF10006CB10 /* ShareSelectTableViewCell.swift */,
				5D0E12192231AA3D003D3583 /* MainInterface.storyboard */,
				5D0702072232F5310006CB10 /* GoogleService-Info.plist */,
				5D0E121C2231AA3D003D3583 /* Info.plist */,
				5D09A71B2237E43C005438DD /* Share.js */,
			);
			path = "Post To Groups";
			sourceTree = "<group>";
		};
		5D1ECDAE220B346900298D77 /* Ui */ = {
			isa = PBXGroup;
			children = (
				5D061A9721FEAD4000BB6056 /* WelcomeController.swift */,
				5D1ECDAA220A124300298D77 /* SignUpController.swift */,
				5D1ECDAC220A1DCD00298D77 /* LoginController.swift */,
				5D1ECDB2220B409100298D77 /* ForgotPasswordController.swift */,
				5D193BEB221B4B6E0058328C /* FBUsernameController.swift */,
				5D0B569A221DDB420098041E /* EmailVerificationController.swift */,
				5D032D0C222AD25800D4B6D0 /* EnableSharingController.swift */,
				5D05C2E62245927800B59787 /* Settings */,
				5D4697752210D5390065E56B /* Home Feed */,
				5D032D0B222869A800D4B6D0 /* Share Article */,
				5D1ECDC9220E016300298D77 /* Create Group */,
				5D032D072227029F00D4B6D0 /* Select Members */,
				5D032D18222B4FE500D4B6D0 /* Saved Articles */,
				9CB43BBB223828DE0060729A /* Article Comments */,
				5D46977E2211060C0065E56B /* Side Menu */,
			);
			path = Ui;
			sourceTree = "<group>";
		};
		5D1ECDAF220B347300298D77 /* Extras */ = {
			isa = PBXGroup;
			children = (
				9CB43BE7223885440060729A /* Oswald */,
				9CB43BD022387C190060729A /* Lato */,
				5D068240225EC99100FCD80C /* GoogleService-Info.plist */,
				9C710333222731F600E5A6B9 /* GoogleService-Info2.plist */,
				5D71D5502220C58E00D46E76 /* GoogleService-Info11.plist */,
				5D1ECDA8220A067500298D77 /* Extensions.swift */,
				5D1ECDA6220A048700298D77 /* Constants.swift */,
				5D061A9921FEAD4000BB6056 /* Main.storyboard */,
				5D061A9E21FEAD4200BB6056 /* LaunchScreen.storyboard */,
			);
			path = Extras;
			sourceTree = "<group>";
		};
		5D1ECDB8220BB1F800298D77 /* Models */ = {
			isa = PBXGroup;
			children = (
				5D1ECDB9220BB22900298D77 /* SharePost.swift */,
				5D05C2F522468B9200B59787 /* MultiGroupSharePost.swift */,
				5D1ECDBB220BB2AD00298D77 /* Article.swift */,
				5D46976D220F7EEF0065E56B /* FoggyUser.swift */,
				5D05C2F322468B5C00B59787 /* FoggyUserPreferences.swift */,
				5D46977322109B520065E56B /* FoggyGroup.swift */,
				5D032D05222668B400D4B6D0 /* SearchMember.swift */,
				5D0E120F2230631D003D3583 /* HomeFeedPost.swift */,
				9CB43BBE223829820060729A /* FoggyComment.swift */,
			);
			path = Models;
			sourceTree = "<group>";
		};
		5D1ECDC9220E016300298D77 /* Create Group */ = {
			isa = PBXGroup;
			children = (
				5D05C2DE224057D000B59787 /* PendingGroupController.swift */,
				5D1ECDC7220DF0F600298D77 /* ContactPermissionController.swift */,
				5D1ECDC3220C97B600298D77 /* CreateGroupController.swift */,
				5D032D0E222AE42100D4B6D0 /* SuccessCreateGroupController.swift */,
				5D032D082227039600D4B6D0 /* Cells */,
			);
			path = "Create Group";
			sourceTree = "<group>";
		};
		5D4697752210D5390065E56B /* Home Feed */ = {
			isa = PBXGroup;
			children = (
				5D1ECDB6220B648E00298D77 /* FeedController.swift */,
				5D1ECDBD220BB6B300298D77 /* SharePostCell.swift */,
				5D05C2F8224695DC00B59787 /* MultiGroupSharePostCell.swift */,
				5D4697762210D7BB0065E56B /* SharePostProtocol.swift */,
				5D032D092227AEDB00D4B6D0 /* SwipeableCollectionViewCell.swift */,
				9CB43BB922380E230060729A /* ArticleImageView.swift */,
				9CB43BCD223876150060729A /* EmptyHomeFeed.swift */,
				5D05C2FA2246A16700B59787 /* HorizontalGroupCell.swift */,
				5D140DE922B6924F00F58DF1 /* SafariController.swift */,
			);
			path = "Home Feed";
			sourceTree = "<group>";
		};
		5D46977E2211060C0065E56B /* Side Menu */ = {
			isa = PBXGroup;
			children = (
				5D1ECDC1220C92D300298D77 /* SideMenuController.swift */,
				5D46977C221105A90065E56B /* SideMenuHeaderCell.swift */,
				5D46977F221106330065E56B /* SideMenuProtocol.swift */,
				5D469781221109420065E56B /* SideMenuTextCell.swift */,
				5D46978322110A6F0065E56B /* SideMenuGroupCell.swift */,
			);
			path = "Side Menu";
			sourceTree = "<group>";
		};
		9CB43BBB223828DE0060729A /* Article Comments */ = {
			isa = PBXGroup;
			children = (
				5D1ECDBF220C91C600298D77 /* ArticleController.swift */,
				9CB43BC022382E600060729A /* EmptyCellHeader.swift */,
				9CB43BC42238347D0060729A /* InputAccessoryView.swift */,
				9CB43BC8223834F00060729A /* CustomUITextView.swift */,
				9CB43BC6223834830060729A /* InputAccessoryView.xib */,
				9CB43BCB223841D20060729A /* CommentCollectionViewCell.swift */,
			);
			path = "Article Comments";
			sourceTree = "<group>";
		};
		9CB43BD022387C190060729A /* Lato */ = {
			isa = PBXGroup;
			children = (
				9CB43BD122387C190060729A /* Lato-Italic.ttf */,
				9CB43BD222387C190060729A /* Lato-LightItalic.ttf */,
				9CB43BD322387C190060729A /* Lato-Bold.ttf */,
				9CB43BD422387C190060729A /* Lato-Black.ttf */,
				9CB43BD522387C190060729A /* Lato-HairlineItalic.ttf */,
				9CB43BD622387C190060729A /* Lato-Regular.ttf */,
				9CB43BD722387C190060729A /* Lato-Hairline.ttf */,
				9CB43BD822387C190060729A /* Lato-BlackItalic.ttf */,
				9CB43BDA22387C190060729A /* Lato-BoldItalic.ttf */,
				9CB43BDB22387C190060729A /* Lato-Light.ttf */,
			);
			path = Lato;
			sourceTree = "<group>";
		};
		9CB43BE7223885440060729A /* Oswald */ = {
			isa = PBXGroup;
			children = (
				9CB43BE8223885440060729A /* Oswald-Bold.ttf */,
				9CB43BE9223885440060729A /* Oswald-SemiBold.ttf */,
				9CB43BEA223885440060729A /* Oswald-Medium.ttf */,
				9CB43BEB223885440060729A /* Oswald-Regular.ttf */,
				9CB43BED223885440060729A /* Oswald-ExtraLight.ttf */,
				9CB43BEE223885440060729A /* Oswald-Light.ttf */,
			);
			path = Oswald;
			sourceTree = "<group>";
		};
		B28B402D56B2B5867A173946 /* Pods */ = {
			isa = PBXGroup;
			children = (
				08C294AA5FEB429D782F8059 /* Pods-Foggy Glasses.release.xcconfig */,
				CC4472B4CB76F2F367A5C518 /* Pods-Foggy GlassesTests.release.xcconfig */,
				6665AAF76EA050C413A9A232 /* Pods-Foggy GlassesUITests.release.xcconfig */,
				F7A43ACBE7F17A5D24DE13B0 /* Pods-Post To Groups.release.xcconfig */,
			);
			name = Pods;
			sourceTree = "<group>";
		};
		FEEADC8A8ED14910BDAD2D1F /* Frameworks */ = {
			isa = PBXGroup;
			children = (
				5D0E11E622304DAF003D3583 /* AuthenticationServices.framework */,
				281BB278E1658F35636BF528 /* Pods_Foggy_Glasses.framework */,
				893376C7B1E8C04AAF3D0F4F /* Pods_Foggy_GlassesTests.framework */,
				DB4668BDFA42C96BA26C5A60 /* Pods_Foggy_GlassesUITests.framework */,
				23C99214818771F30448F931 /* Pods_Post_To_Groups.framework */,
			);
			name = Frameworks;
			sourceTree = "<group>";
		};
/* End PBXGroup section */

/* Begin PBXNativeTarget section */
		5D061A9121FEAD4000BB6056 /* Foggy Glasses */ = {
			isa = PBXNativeTarget;
			buildConfigurationList = 5D061ABA21FEAD4200BB6056 /* Build configuration list for PBXNativeTarget "Foggy Glasses" */;
			buildPhases = (
				F5648362BFFC3FC170023CD8 /* [CP] Check Pods Manifest.lock */,
				5D061A8E21FEAD4000BB6056 /* Sources */,
				5D061A8F21FEAD4000BB6056 /* Frameworks */,
				5D061A9021FEAD4000BB6056 /* Resources */,
				5D0B569D222097980098041E /* ShellScript */,
				5D0B569E22209F790098041E /* ShellScript */,
				5D0E11FA22304F17003D3583 /* Embed App Extensions */,
				D4F293BD0196F66180D955EF /* [CP] Embed Pods Frameworks */,
			);
			buildRules = (
			);
			dependencies = (
				5D0E121E2231AA3D003D3583 /* PBXTargetDependency */,
			);
			name = "Foggy Glasses";
			productName = "Foggy Glasses";
			productReference = 5D061A9221FEAD4000BB6056 /* Foggy Glasses.app */;
			productType = "com.apple.product-type.application";
		};
		5D061AA521FEAD4200BB6056 /* Foggy GlassesTests */ = {
			isa = PBXNativeTarget;
			buildConfigurationList = 5D061ABD21FEAD4200BB6056 /* Build configuration list for PBXNativeTarget "Foggy GlassesTests" */;
			buildPhases = (
				1301C8BCCA7BD1CA192D7257 /* [CP] Check Pods Manifest.lock */,
				5D061AA221FEAD4200BB6056 /* Sources */,
				5D061AA321FEAD4200BB6056 /* Frameworks */,
				5D061AA421FEAD4200BB6056 /* Resources */,
			);
			buildRules = (
			);
			dependencies = (
				5D061AA821FEAD4200BB6056 /* PBXTargetDependency */,
			);
			name = "Foggy GlassesTests";
			productName = "Foggy GlassesTests";
			productReference = 5D061AA621FEAD4200BB6056 /* Foggy GlassesTests.xctest */;
			productType = "com.apple.product-type.bundle.unit-test";
		};
		5D061AB021FEAD4200BB6056 /* Foggy GlassesUITests */ = {
			isa = PBXNativeTarget;
			buildConfigurationList = 5D061AC021FEAD4200BB6056 /* Build configuration list for PBXNativeTarget "Foggy GlassesUITests" */;
			buildPhases = (
				56C13EE311D449BB614B4E9B /* [CP] Check Pods Manifest.lock */,
				5D061AAD21FEAD4200BB6056 /* Sources */,
				5D061AAE21FEAD4200BB6056 /* Frameworks */,
				5D061AAF21FEAD4200BB6056 /* Resources */,
			);
			buildRules = (
			);
			dependencies = (
				5D061AB321FEAD4200BB6056 /* PBXTargetDependency */,
			);
			name = "Foggy GlassesUITests";
			productName = "Foggy GlassesUITests";
			productReference = 5D061AB121FEAD4200BB6056 /* Foggy GlassesUITests.xctest */;
			productType = "com.apple.product-type.bundle.ui-testing";
		};
		5D0E12142231AA3D003D3583 /* Post To Groups */ = {
			isa = PBXNativeTarget;
			buildConfigurationList = 5D0E12212231AA3D003D3583 /* Build configuration list for PBXNativeTarget "Post To Groups" */;
			buildPhases = (
				25F8F2D30C89F5B87D28B852 /* [CP] Check Pods Manifest.lock */,
				5D0E12112231AA3D003D3583 /* Sources */,
				5D0E12122231AA3D003D3583 /* Frameworks */,
				5D0E12132231AA3D003D3583 /* Resources */,
			);
			buildRules = (
			);
			dependencies = (
			);
			name = "Post To Groups";
			productName = "Post To Groups";
			productReference = 5D0E12152231AA3D003D3583 /* Post To Groups.appex */;
			productType = "com.apple.product-type.app-extension";
		};
/* End PBXNativeTarget section */

/* Begin PBXProject section */
		5D061A8A21FEAD4000BB6056 /* Project object */ = {
			isa = PBXProject;
			attributes = {
				LastSwiftUpdateCheck = 1010;
				LastUpgradeCheck = 1010;
				ORGANIZATIONNAME = "Foggy Glasses";
				TargetAttributes = {
					5D061A9121FEAD4000BB6056 = {
						CreatedOnToolsVersion = 10.1;
						LastSwiftMigration = 1020;
						SystemCapabilities = {
							com.apple.ApplicationGroups.iOS = {
								enabled = 1;
							};
							com.apple.AutoFillCredentialProvider = {
								enabled = 1;
							};
							com.apple.BackgroundModes = {
								enabled = 1;
							};
							com.apple.Keychain = {
								enabled = 1;
							};
							com.apple.Push = {
								enabled = 1;
							};
							com.apple.SafariKeychain = {
								enabled = 1;
							};
						};
					};
					5D061AA521FEAD4200BB6056 = {
						CreatedOnToolsVersion = 10.1;
						TestTargetID = 5D061A9121FEAD4000BB6056;
					};
					5D061AB021FEAD4200BB6056 = {
						CreatedOnToolsVersion = 10.1;
						TestTargetID = 5D061A9121FEAD4000BB6056;
					};
					5D0E12142231AA3D003D3583 = {
						CreatedOnToolsVersion = 10.1;
						LastSwiftMigration = 1020;
						SystemCapabilities = {
							com.apple.ApplicationGroups.iOS = {
								enabled = 1;
							};
							com.apple.Keychain = {
								enabled = 1;
							};
						};
					};
				};
			};
			buildConfigurationList = 5D061A8D21FEAD4000BB6056 /* Build configuration list for PBXProject "Foggy Glasses" */;
			compatibilityVersion = "Xcode 9.3";
			developmentRegion = en;
			hasScannedForEncodings = 0;
			knownRegions = (
				en,
				Base,
			);
			mainGroup = 5D061A8921FEAD4000BB6056;
			productRefGroup = 5D061A9321FEAD4000BB6056 /* Products */;
			projectDirPath = "";
			projectRoot = "";
			targets = (
				5D061A9121FEAD4000BB6056 /* Foggy Glasses */,
				5D061AA521FEAD4200BB6056 /* Foggy GlassesTests */,
				5D061AB021FEAD4200BB6056 /* Foggy GlassesUITests */,
				5D0E12142231AA3D003D3583 /* Post To Groups */,
			);
		};
/* End PBXProject section */

/* Begin PBXResourcesBuildPhase section */
		5D061A9021FEAD4000BB6056 /* Resources */ = {
			isa = PBXResourcesBuildPhase;
			buildActionMask = 2147483647;
			files = (
				9CB43BE622387C190060729A /* Lato-Light.ttf in Resources */,
				9CB43BF4223885440060729A /* Oswald-ExtraLight.ttf in Resources */,
				5D068241225EC99100FCD80C /* GoogleService-Info.plist in Resources */,
				9CB43BF5223885440060729A /* Oswald-Light.ttf in Resources */,
				9CB43BE222387C190060729A /* Lato-Hairline.ttf in Resources */,
				5D061AA021FEAD4200BB6056 /* LaunchScreen.storyboard in Resources */,
				9CB43BE522387C190060729A /* Lato-BoldItalic.ttf in Resources */,
				9CB43BEF223885440060729A /* Oswald-Bold.ttf in Resources */,
				9CB43BE322387C190060729A /* Lato-BlackItalic.ttf in Resources */,
				9CB43BDC22387C190060729A /* Lato-Italic.ttf in Resources */,
				5D061A9D21FEAD4200BB6056 /* Assets.xcassets in Resources */,
				9CB43BDD22387C190060729A /* Lato-LightItalic.ttf in Resources */,
				9CB43BF2223885440060729A /* Oswald-Regular.ttf in Resources */,
				9C710334222731F600E5A6B9 /* GoogleService-Info2.plist in Resources */,
				5D71D5512220C58E00D46E76 /* GoogleService-Info11.plist in Resources */,
				9CB43BF0223885440060729A /* Oswald-SemiBold.ttf in Resources */,
				9CB43BE022387C190060729A /* Lato-HairlineItalic.ttf in Resources */,
				9CB43BE122387C190060729A /* Lato-Regular.ttf in Resources */,
				9CB43BC7223834830060729A /* InputAccessoryView.xib in Resources */,
				9CB43BDE22387C190060729A /* Lato-Bold.ttf in Resources */,
				9CB43BF1223885440060729A /* Oswald-Medium.ttf in Resources */,
				9CB43BDF22387C190060729A /* Lato-Black.ttf in Resources */,
				5D061A9B21FEAD4000BB6056 /* Main.storyboard in Resources */,
			);
			runOnlyForDeploymentPostprocessing = 0;
		};
		5D061AA421FEAD4200BB6056 /* Resources */ = {
			isa = PBXResourcesBuildPhase;
			buildActionMask = 2147483647;
			files = (
			);
			runOnlyForDeploymentPostprocessing = 0;
		};
		5D061AAF21FEAD4200BB6056 /* Resources */ = {
			isa = PBXResourcesBuildPhase;
			buildActionMask = 2147483647;
			files = (
			);
			runOnlyForDeploymentPostprocessing = 0;
		};
		5D0E12132231AA3D003D3583 /* Resources */ = {
			isa = PBXResourcesBuildPhase;
			buildActionMask = 2147483647;
			files = (
				5D0702042232EC660006CB10 /* Assets.xcassets in Resources */,
				9CB43BF722388BC40060729A /* Oswald-Regular.ttf in Resources */,
				5D0E121B2231AA3D003D3583 /* MainInterface.storyboard in Resources */,
				9CB43BF622388B890060729A /* Oswald-Medium.ttf in Resources */,
				5D09A71C2237E43C005438DD /* Share.js in Resources */,
				5D0702082232F5310006CB10 /* GoogleService-Info.plist in Resources */,
			);
			runOnlyForDeploymentPostprocessing = 0;
		};
/* End PBXResourcesBuildPhase section */

/* Begin PBXShellScriptBuildPhase section */
		1301C8BCCA7BD1CA192D7257 /* [CP] Check Pods Manifest.lock */ = {
			isa = PBXShellScriptBuildPhase;
			buildActionMask = 2147483647;
			files = (
			);
			inputFileListPaths = (
			);
			inputPaths = (
				"${PODS_PODFILE_DIR_PATH}/Podfile.lock",
				"${PODS_ROOT}/Manifest.lock",
			);
			name = "[CP] Check Pods Manifest.lock";
			outputFileListPaths = (
			);
			outputPaths = (
				"$(DERIVED_FILE_DIR)/Pods-Foggy GlassesTests-checkManifestLockResult.txt",
			);
			runOnlyForDeploymentPostprocessing = 0;
			shellPath = /bin/sh;
			shellScript = "diff \"${PODS_PODFILE_DIR_PATH}/Podfile.lock\" \"${PODS_ROOT}/Manifest.lock\" > /dev/null\nif [ $? != 0 ] ; then\n    # print error to STDERR\n    echo \"error: The sandbox is not in sync with the Podfile.lock. Run 'pod install' or update your CocoaPods installation.\" >&2\n    exit 1\nfi\n# This output is used by Xcode 'outputs' to avoid re-running this script phase.\necho \"SUCCESS\" > \"${SCRIPT_OUTPUT_FILE_0}\"\n";
			showEnvVarsInLog = 0;
		};
		25F8F2D30C89F5B87D28B852 /* [CP] Check Pods Manifest.lock */ = {
			isa = PBXShellScriptBuildPhase;
			buildActionMask = 2147483647;
			files = (
			);
			inputFileListPaths = (
			);
			inputPaths = (
				"${PODS_PODFILE_DIR_PATH}/Podfile.lock",
				"${PODS_ROOT}/Manifest.lock",
			);
			name = "[CP] Check Pods Manifest.lock";
			outputFileListPaths = (
			);
			outputPaths = (
				"$(DERIVED_FILE_DIR)/Pods-Post To Groups-checkManifestLockResult.txt",
			);
			runOnlyForDeploymentPostprocessing = 0;
			shellPath = /bin/sh;
			shellScript = "diff \"${PODS_PODFILE_DIR_PATH}/Podfile.lock\" \"${PODS_ROOT}/Manifest.lock\" > /dev/null\nif [ $? != 0 ] ; then\n    # print error to STDERR\n    echo \"error: The sandbox is not in sync with the Podfile.lock. Run 'pod install' or update your CocoaPods installation.\" >&2\n    exit 1\nfi\n# This output is used by Xcode 'outputs' to avoid re-running this script phase.\necho \"SUCCESS\" > \"${SCRIPT_OUTPUT_FILE_0}\"\n";
			showEnvVarsInLog = 0;
		};
		56C13EE311D449BB614B4E9B /* [CP] Check Pods Manifest.lock */ = {
			isa = PBXShellScriptBuildPhase;
			buildActionMask = 2147483647;
			files = (
			);
			inputFileListPaths = (
			);
			inputPaths = (
				"${PODS_PODFILE_DIR_PATH}/Podfile.lock",
				"${PODS_ROOT}/Manifest.lock",
			);
			name = "[CP] Check Pods Manifest.lock";
			outputFileListPaths = (
			);
			outputPaths = (
				"$(DERIVED_FILE_DIR)/Pods-Foggy GlassesUITests-checkManifestLockResult.txt",
			);
			runOnlyForDeploymentPostprocessing = 0;
			shellPath = /bin/sh;
			shellScript = "diff \"${PODS_PODFILE_DIR_PATH}/Podfile.lock\" \"${PODS_ROOT}/Manifest.lock\" > /dev/null\nif [ $? != 0 ] ; then\n    # print error to STDERR\n    echo \"error: The sandbox is not in sync with the Podfile.lock. Run 'pod install' or update your CocoaPods installation.\" >&2\n    exit 1\nfi\n# This output is used by Xcode 'outputs' to avoid re-running this script phase.\necho \"SUCCESS\" > \"${SCRIPT_OUTPUT_FILE_0}\"\n";
			showEnvVarsInLog = 0;
		};
		5D0B569D222097980098041E /* ShellScript */ = {
			isa = PBXShellScriptBuildPhase;
			buildActionMask = 8;
			files = (
			);
			inputFileListPaths = (
			);
			inputPaths = (
				"$(BUILT_PRODUCTS_DIR)/$(INFOPLIST_PATH)",
			);
			outputFileListPaths = (
			);
			outputPaths = (
			);
			runOnlyForDeploymentPostprocessing = 1;
			shellPath = /bin/sh;
			shellScript = "\"${PODS_ROOT}/Fabric/run\"\n";
		};
		5D0B569E22209F790098041E /* ShellScript */ = {
			isa = PBXShellScriptBuildPhase;
			buildActionMask = 2147483647;
			files = (
			);
			inputFileListPaths = (
			);
			inputPaths = (
			);
			outputFileListPaths = (
			);
			outputPaths = (
			);
			runOnlyForDeploymentPostprocessing = 0;
			shellPath = /bin/sh;
			shellScript = "# Type a script or drag a script file from your workspace to insert its path.\n\"${PODS_ROOT}/Fabric/run\"\n";
		};
		D4F293BD0196F66180D955EF /* [CP] Embed Pods Frameworks */ = {
			isa = PBXShellScriptBuildPhase;
			buildActionMask = 2147483647;
			files = (
			);
			inputFileListPaths = (
				"${PODS_ROOT}/Target Support Files/Pods-Foggy Glasses/Pods-Foggy Glasses-frameworks-${CONFIGURATION}-input-files.xcfilelist",
			);
			name = "[CP] Embed Pods Frameworks";
			outputFileListPaths = (
				"${PODS_ROOT}/Target Support Files/Pods-Foggy Glasses/Pods-Foggy Glasses-frameworks-${CONFIGURATION}-output-files.xcfilelist",
			);
			runOnlyForDeploymentPostprocessing = 0;
			shellPath = /bin/sh;
			shellScript = "\"${PODS_ROOT}/Target Support Files/Pods-Foggy Glasses/Pods-Foggy Glasses-frameworks.sh\"\n";
			showEnvVarsInLog = 0;
		};
		F5648362BFFC3FC170023CD8 /* [CP] Check Pods Manifest.lock */ = {
			isa = PBXShellScriptBuildPhase;
			buildActionMask = 2147483647;
			files = (
			);
			inputFileListPaths = (
			);
			inputPaths = (
				"${PODS_PODFILE_DIR_PATH}/Podfile.lock",
				"${PODS_ROOT}/Manifest.lock",
			);
			name = "[CP] Check Pods Manifest.lock";
			outputFileListPaths = (
			);
			outputPaths = (
				"$(DERIVED_FILE_DIR)/Pods-Foggy Glasses-checkManifestLockResult.txt",
			);
			runOnlyForDeploymentPostprocessing = 0;
			shellPath = /bin/sh;
			shellScript = "diff \"${PODS_PODFILE_DIR_PATH}/Podfile.lock\" \"${PODS_ROOT}/Manifest.lock\" > /dev/null\nif [ $? != 0 ] ; then\n    # print error to STDERR\n    echo \"error: The sandbox is not in sync with the Podfile.lock. Run 'pod install' or update your CocoaPods installation.\" >&2\n    exit 1\nfi\n# This output is used by Xcode 'outputs' to avoid re-running this script phase.\necho \"SUCCESS\" > \"${SCRIPT_OUTPUT_FILE_0}\"\n";
			showEnvVarsInLog = 0;
		};
/* End PBXShellScriptBuildPhase section */

/* Begin PBXSourcesBuildPhase section */
		5D061A8E21FEAD4000BB6056 /* Sources */ = {
			isa = PBXSourcesBuildPhase;
			buildActionMask = 2147483647;
			files = (
				5D0E12102230631D003D3583 /* HomeFeedPost.swift in Sources */,
				5D46976C220F7B5C0065E56B /* FoggyHeaderTextCell.swift in Sources */,
				5D032D06222668B400D4B6D0 /* SearchMember.swift in Sources */,
				5D0B569B221DDB420098041E /* EmailVerificationController.swift in Sources */,
				5D1ECDC0220C91C600298D77 /* ArticleController.swift in Sources */,
				5D1ECDAB220A124300298D77 /* SignUpController.swift in Sources */,
				5D46977D221105A90065E56B /* SideMenuHeaderCell.swift in Sources */,
				5D05C2E12242165C00B59787 /* FeedHideManager.swift in Sources */,
				5D140DEA22B6924F00F58DF1 /* SafariController.swift in Sources */,
				5D1ECDCB220E017800298D77 /* CreateGroupHeaderCell.swift in Sources */,
				5D1ECDB3220B409100298D77 /* ForgotPasswordController.swift in Sources */,
				5D05C2E32245923C00B59787 /* GroupSettingsController.swift in Sources */,
				5D1ECDAD220A1DCD00298D77 /* LoginController.swift in Sources */,
				5D1ECDC4220C97B600298D77 /* CreateGroupController.swift in Sources */,
				5D061A9821FEAD4000BB6056 /* WelcomeController.swift in Sources */,
				5D05C2F622468B9200B59787 /* MultiGroupSharePost.swift in Sources */,
				5D05C2EA2245AC8200B59787 /* SettingsSwitchCell.swift in Sources */,
				5D46977422109B520065E56B /* FoggyGroup.swift in Sources */,
				5D061A9621FEAD4000BB6056 /* AppDelegate.swift in Sources */,
				5D032D0A2227AEDB00D4B6D0 /* SwipeableCollectionViewCell.swift in Sources */,
				5D032D15222B4D0500D4B6D0 /* SavedArticleSelectCell.swift in Sources */,
				9CB43BCC223841D20060729A /* CommentCollectionViewCell.swift in Sources */,
				5D469782221109420065E56B /* SideMenuTextCell.swift in Sources */,
				9CB43BC52238347D0060729A /* InputAccessoryView.swift in Sources */,
				5D1ECDBA220BB22900298D77 /* SharePost.swift in Sources */,
				5D05C2FB2246A16700B59787 /* HorizontalGroupCell.swift in Sources */,
				5D05C2F02245F63000B59787 /* SettingsDeleteCell.swift in Sources */,
				9CB43BBF223829820060729A /* FoggyComment.swift in Sources */,
				5D05C2EE2245B86C00B59787 /* SettingsLogoutCell.swift in Sources */,
				5D05C2F422468B5C00B59787 /* FoggyUserPreferences.swift in Sources */,
				5D032D13222AFECA00D4B6D0 /* GroupFriendsTitleCell.swift in Sources */,
				5D7E98942295D59C006082F8 /* WalkthroughManager.swift in Sources */,
				5D032D0D222AD25800D4B6D0 /* EnableSharingController.swift in Sources */,
				5D032D11222AFA4000D4B6D0 /* GroupSelectionCell.swift in Sources */,
				5DAD6603226A564E00A3862E /* DeepLinkManager.swift in Sources */,
				5D71D55B2224829C00D46E76 /* AddMemberTableController.swift in Sources */,
				5D1ECDA7220A048700298D77 /* Constants.swift in Sources */,
				9C710332222621E100E5A6B9 /* ContactTableViewCell.swift in Sources */,
				5D193BF9221C69460058328C /* FirebaseManager.swift in Sources */,
				5D1ECDC6220C982C00298D77 /* QuickshareController.swift in Sources */,
				5D46977B2210EB390065E56B /* ReviewController.swift in Sources */,
				5D032D0F222AE42100D4B6D0 /* SuccessCreateGroupController.swift in Sources */,
				5D71D5532221F6C800D46E76 /* SelectionCell.swift in Sources */,
				5D1ECDBE220BB6B300298D77 /* SharePostCell.swift in Sources */,
				5D1ECDB1220B348200298D77 /* InsetTextField.swift in Sources */,
				9CB43BC122382E600060729A /* EmptyCellHeader.swift in Sources */,
				5D4697772210D7BB0065E56B /* SharePostProtocol.swift in Sources */,
				5D193BEC221B4B6E0058328C /* FBUsernameController.swift in Sources */,
				5D05C2EC2245B2ED00B59787 /* SettingsArrowCell.swift in Sources */,
				5D469772220F91900065E56B /* CreateGroupFoggyFriendCell.swift in Sources */,
				5D71D55D2224AE3E00D46E76 /* HorizontalSelectedUserCell.swift in Sources */,
				9CB43BBA22380E230060729A /* ArticleImageView.swift in Sources */,
				9CB43BC9223834F00060729A /* CustomUITextView.swift in Sources */,
				5D46976E220F7EEF0065E56B /* FoggyUser.swift in Sources */,
				5D1ECDC8220DF0F600298D77 /* ContactPermissionController.swift in Sources */,
				5D1ECDB7220B648E00298D77 /* FeedController.swift in Sources */,
				5D46978422110A6F0065E56B /* SideMenuGroupCell.swift in Sources */,
				5D05C2E52245926100B59787 /* MainSettingsController.swift in Sources */,
				5D05C2DF224057D000B59787 /* PendingGroupController.swift in Sources */,
				5D1ECDC2220C92D300298D77 /* SideMenuController.swift in Sources */,
				9CB43BCE223876150060729A /* EmptyHomeFeed.swift in Sources */,
				5D517BF52259636000324F80 /* ArticleTopBar.swift in Sources */,
				5D1ECDCD220E068600298D77 /* CreateGroupNameCell.swift in Sources */,
				5D032D17222B4FDC00D4B6D0 /* SavedArticlesCollectionController.swift in Sources */,
				5D05C2F22245F83300B59787 /* SettingsVersionCell.swift in Sources */,
				5D05C2E822459A2C00B59787 /* SettingsHeaderCell.swift in Sources */,
				5D1ECDBC220BB2AD00298D77 /* Article.swift in Sources */,
				5D71D5572223877000D46E76 /* CreateGroupAddHeader.swift in Sources */,
				5D469780221106330065E56B /* SideMenuProtocol.swift in Sources */,
				5D1ECDA9220A067500298D77 /* Extensions.swift in Sources */,
				5D05C2F9224695DC00B59787 /* MultiGroupSharePostCell.swift in Sources */,
				5D032D1A222B507B00D4B6D0 /* ArticleCollectionViewCell.swift in Sources */,
				5D4697792210DE250065E56B /* WebController.swift in Sources */,
				5D517BF32257A69A00324F80 /* NotificationManager.swift in Sources */,
				5D202D89224CFCD200CA90DB /* PhoneVerificationManager.swift in Sources */,
			);
			runOnlyForDeploymentPostprocessing = 0;
		};
		5D061AA221FEAD4200BB6056 /* Sources */ = {
			isa = PBXSourcesBuildPhase;
			buildActionMask = 2147483647;
			files = (
				5D061AAB21FEAD4200BB6056 /* Foggy_GlassesTests.swift in Sources */,
			);
			runOnlyForDeploymentPostprocessing = 0;
		};
		5D061AAD21FEAD4200BB6056 /* Sources */ = {
			isa = PBXSourcesBuildPhase;
			buildActionMask = 2147483647;
			files = (
				5D061AB621FEAD4200BB6056 /* Foggy_GlassesUITests.swift in Sources */,
			);
			runOnlyForDeploymentPostprocessing = 0;
		};
		5D0E12112231AA3D003D3583 /* Sources */ = {
			isa = PBXSourcesBuildPhase;
			buildActionMask = 2147483647;
			files = (
				5D08F63E223574C0008FD719 /* FirebaseManager.swift in Sources */,
				5D0321572262317400B86DC6 /* NotificationManager.swift in Sources */,
				5D68A9F12234A5B000D77FF0 /* HomeFeedPost.swift in Sources */,
				5D202D8A224E831900CA90DB /* FoggyUserPreferences.swift in Sources */,
				9CB43BCF223879290060729A /* EmptyHomeFeed.swift in Sources */,
				5D0702022232EAD80006CB10 /* Extensions.swift in Sources */,
				5D0702012232E4930006CB10 /* ShareSelectViewController.swift in Sources */,
				5D0701FE2232DA0C0006CB10 /* FoggyGroup.swift in Sources */,
				5D0E12182231AA3D003D3583 /* ShareViewController.swift in Sources */,
				5D05C2F72246914C00B59787 /* MultiGroupSharePost.swift in Sources */,
				9CB43BCA223841740060729A /* FoggyComment.swift in Sources */,
				5D68A9F02234A5AC00D77FF0 /* SearchMember.swift in Sources */,
				5D68A9EF2234A5A600D77FF0 /* Article.swift in Sources */,
				5D0702062232EEF10006CB10 /* ShareSelectTableViewCell.swift in Sources */,
				5D0701FF2232DA780006CB10 /* FoggyUser.swift in Sources */,
				5D0702032232EB030006CB10 /* Constants.swift in Sources */,
				5D68A9EE2234A5A300D77FF0 /* SharePost.swift in Sources */,
			);
			runOnlyForDeploymentPostprocessing = 0;
		};
/* End PBXSourcesBuildPhase section */

/* Begin PBXTargetDependency section */
		5D061AA821FEAD4200BB6056 /* PBXTargetDependency */ = {
			isa = PBXTargetDependency;
			target = 5D061A9121FEAD4000BB6056 /* Foggy Glasses */;
			targetProxy = 5D061AA721FEAD4200BB6056 /* PBXContainerItemProxy */;
		};
		5D061AB321FEAD4200BB6056 /* PBXTargetDependency */ = {
			isa = PBXTargetDependency;
			target = 5D061A9121FEAD4000BB6056 /* Foggy Glasses */;
			targetProxy = 5D061AB221FEAD4200BB6056 /* PBXContainerItemProxy */;
		};
		5D0E121E2231AA3D003D3583 /* PBXTargetDependency */ = {
			isa = PBXTargetDependency;
			target = 5D0E12142231AA3D003D3583 /* Post To Groups */;
			targetProxy = 5D0E121D2231AA3D003D3583 /* PBXContainerItemProxy */;
		};
/* End PBXTargetDependency section */

/* Begin PBXVariantGroup section */
		5D061A9921FEAD4000BB6056 /* Main.storyboard */ = {
			isa = PBXVariantGroup;
			children = (
				5D061A9A21FEAD4000BB6056 /* Base */,
			);
			name = Main.storyboard;
			sourceTree = "<group>";
		};
		5D061A9E21FEAD4200BB6056 /* LaunchScreen.storyboard */ = {
			isa = PBXVariantGroup;
			children = (
				5D061A9F21FEAD4200BB6056 /* Base */,
			);
			name = LaunchScreen.storyboard;
			sourceTree = "<group>";
		};
		5D0E12192231AA3D003D3583 /* MainInterface.storyboard */ = {
			isa = PBXVariantGroup;
			children = (
				5D0E121A2231AA3D003D3583 /* Base */,
			);
			name = MainInterface.storyboard;
			sourceTree = "<group>";
		};
/* End PBXVariantGroup section */

/* Begin XCBuildConfiguration section */
		5D061AB921FEAD4200BB6056 /* Release */ = {
			isa = XCBuildConfiguration;
			buildSettings = {
				ALWAYS_SEARCH_USER_PATHS = NO;
				CLANG_ANALYZER_NONNULL = YES;
				CLANG_ANALYZER_NUMBER_OBJECT_CONVERSION = YES_AGGRESSIVE;
				CLANG_CXX_LANGUAGE_STANDARD = "gnu++14";
				CLANG_CXX_LIBRARY = "libc++";
				CLANG_ENABLE_MODULES = YES;
				CLANG_ENABLE_OBJC_ARC = YES;
				CLANG_ENABLE_OBJC_WEAK = YES;
				CLANG_WARN_BLOCK_CAPTURE_AUTORELEASING = YES;
				CLANG_WARN_BOOL_CONVERSION = YES;
				CLANG_WARN_COMMA = YES;
				CLANG_WARN_CONSTANT_CONVERSION = YES;
				CLANG_WARN_DEPRECATED_OBJC_IMPLEMENTATIONS = YES;
				CLANG_WARN_DIRECT_OBJC_ISA_USAGE = YES_ERROR;
				CLANG_WARN_DOCUMENTATION_COMMENTS = YES;
				CLANG_WARN_EMPTY_BODY = YES;
				CLANG_WARN_ENUM_CONVERSION = YES;
				CLANG_WARN_INFINITE_RECURSION = YES;
				CLANG_WARN_INT_CONVERSION = YES;
				CLANG_WARN_NON_LITERAL_NULL_CONVERSION = YES;
				CLANG_WARN_OBJC_IMPLICIT_RETAIN_SELF = YES;
				CLANG_WARN_OBJC_LITERAL_CONVERSION = YES;
				CLANG_WARN_OBJC_ROOT_CLASS = YES_ERROR;
				CLANG_WARN_RANGE_LOOP_ANALYSIS = YES;
				CLANG_WARN_STRICT_PROTOTYPES = YES;
				CLANG_WARN_SUSPICIOUS_MOVE = YES;
				CLANG_WARN_UNGUARDED_AVAILABILITY = YES_AGGRESSIVE;
				CLANG_WARN_UNREACHABLE_CODE = YES;
				CLANG_WARN__DUPLICATE_METHOD_MATCH = YES;
				CODE_SIGN_IDENTITY = "iPhone Developer";
				COPY_PHASE_STRIP = NO;
				DEBUG_INFORMATION_FORMAT = "dwarf-with-dsym";
				ENABLE_NS_ASSERTIONS = NO;
				ENABLE_STRICT_OBJC_MSGSEND = YES;
				GCC_C_LANGUAGE_STANDARD = gnu11;
				GCC_NO_COMMON_BLOCKS = YES;
				GCC_WARN_64_TO_32_BIT_CONVERSION = YES;
				GCC_WARN_ABOUT_RETURN_TYPE = YES_ERROR;
				GCC_WARN_UNDECLARED_SELECTOR = YES;
				GCC_WARN_UNINITIALIZED_AUTOS = YES_AGGRESSIVE;
				GCC_WARN_UNUSED_FUNCTION = YES;
				GCC_WARN_UNUSED_VARIABLE = YES;
				IPHONEOS_DEPLOYMENT_TARGET = 12.1;
				MTL_ENABLE_DEBUG_INFO = NO;
				MTL_FAST_MATH = YES;
				OTHER_LDFLAGS = "-ObjC";
				SDKROOT = iphoneos;
				SWIFT_COMPILATION_MODE = wholemodule;
				SWIFT_OPTIMIZATION_LEVEL = "-O";
				VALIDATE_PRODUCT = YES;
			};
			name = Release;
		};
		5D061ABC21FEAD4200BB6056 /* Release */ = {
			isa = XCBuildConfiguration;
			baseConfigurationReference = 08C294AA5FEB429D782F8059 /* Pods-Foggy Glasses.release.xcconfig */;
			buildSettings = {
				ALWAYS_EMBED_SWIFT_STANDARD_LIBRARIES = YES;
				ASSETCATALOG_COMPILER_APPICON_NAME = AppIcon;
				CODE_SIGN_ENTITLEMENTS = "Foggy Glasses/Foggy Glasses.entitlements";
				CODE_SIGN_IDENTITY = "iPhone Developer";
				CODE_SIGN_STYLE = Automatic;
				DEVELOPMENT_TEAM = 9UGK7H99PS;
				INFOPLIST_FILE = "Foggy Glasses/Info.plist";
				LD_RUNPATH_SEARCH_PATHS = (
					"$(inherited)",
					"@executable_path/Frameworks",
				);
				PRODUCT_BUNDLE_IDENTIFIER = com.FoggyGlassesNewsProd.FoggyGlasses;
				PRODUCT_NAME = "$(TARGET_NAME)";
				PROVISIONING_PROFILE_SPECIFIER = "";
				SWIFT_VERSION = 5.0;
				TARGETED_DEVICE_FAMILY = 1;
			};
			name = Release;
		};
		5D061ABF21FEAD4200BB6056 /* Release */ = {
			isa = XCBuildConfiguration;
			baseConfigurationReference = CC4472B4CB76F2F367A5C518 /* Pods-Foggy GlassesTests.release.xcconfig */;
			buildSettings = {
				ALWAYS_EMBED_SWIFT_STANDARD_LIBRARIES = YES;
				BUNDLE_LOADER = "$(TEST_HOST)";
				CODE_SIGN_STYLE = Automatic;
				INFOPLIST_FILE = "Foggy GlassesTests/Info.plist";
				LD_RUNPATH_SEARCH_PATHS = (
					"$(inherited)",
					"@executable_path/Frameworks",
					"@loader_path/Frameworks",
				);
				PRODUCT_BUNDLE_IDENTIFIER = "com.foggyglassesnews.Foggy-GlassesTests";
				PRODUCT_NAME = "$(TARGET_NAME)";
				SWIFT_VERSION = 4.2;
				TARGETED_DEVICE_FAMILY = "1,2";
				TEST_HOST = "$(BUILT_PRODUCTS_DIR)/Foggy Glasses.app/Foggy Glasses";
			};
			name = Release;
		};
		5D061AC221FEAD4200BB6056 /* Release */ = {
			isa = XCBuildConfiguration;
			baseConfigurationReference = 6665AAF76EA050C413A9A232 /* Pods-Foggy GlassesUITests.release.xcconfig */;
			buildSettings = {
				ALWAYS_EMBED_SWIFT_STANDARD_LIBRARIES = YES;
				CODE_SIGN_STYLE = Automatic;
				INFOPLIST_FILE = "Foggy GlassesUITests/Info.plist";
				LD_RUNPATH_SEARCH_PATHS = (
					"$(inherited)",
					"@executable_path/Frameworks",
					"@loader_path/Frameworks",
				);
				PRODUCT_BUNDLE_IDENTIFIER = "com.foggyglassesnews.Foggy-GlassesUITests";
				PRODUCT_NAME = "$(TARGET_NAME)";
				SWIFT_VERSION = 4.2;
				TARGETED_DEVICE_FAMILY = "1,2";
				TEST_TARGET_NAME = "Foggy Glasses";
			};
			name = Release;
		};
		5D0E12202231AA3D003D3583 /* Release */ = {
			isa = XCBuildConfiguration;
			baseConfigurationReference = F7A43ACBE7F17A5D24DE13B0 /* Pods-Post To Groups.release.xcconfig */;
			buildSettings = {
				CODE_SIGN_ENTITLEMENTS = "Post To Groups/Post To Groups.entitlements";
				CODE_SIGN_IDENTITY = "iPhone Developer";
				CODE_SIGN_STYLE = Automatic;
				DEVELOPMENT_TEAM = 9UGK7H99PS;
				INFOPLIST_FILE = "Post To Groups/Info.plist";
				LD_RUNPATH_SEARCH_PATHS = (
					"$(inherited)",
					"@executable_path/Frameworks",
					"@executable_path/../../Frameworks",
				);
				PRODUCT_BUNDLE_IDENTIFIER = "com.FoggyGlassesNewsProd.FoggyGlasses.Post-To-Groups";
				PRODUCT_NAME = "$(TARGET_NAME)";
				SKIP_INSTALL = YES;
				SWIFT_VERSION = 5.0;
				TARGETED_DEVICE_FAMILY = "1,2";
			};
			name = Release;
		};
/* End XCBuildConfiguration section */

/* Begin XCConfigurationList section */
		5D061A8D21FEAD4000BB6056 /* Build configuration list for PBXProject "Foggy Glasses" */ = {
			isa = XCConfigurationList;
			buildConfigurations = (
				5D061AB921FEAD4200BB6056 /* Release */,
			);
			defaultConfigurationIsVisible = 0;
			defaultConfigurationName = Release;
		};
		5D061ABA21FEAD4200BB6056 /* Build configuration list for PBXNativeTarget "Foggy Glasses" */ = {
			isa = XCConfigurationList;
			buildConfigurations = (
				5D061ABC21FEAD4200BB6056 /* Release */,
			);
			defaultConfigurationIsVisible = 0;
			defaultConfigurationName = Release;
		};
		5D061ABD21FEAD4200BB6056 /* Build configuration list for PBXNativeTarget "Foggy GlassesTests" */ = {
			isa = XCConfigurationList;
			buildConfigurations = (
				5D061ABF21FEAD4200BB6056 /* Release */,
			);
			defaultConfigurationIsVisible = 0;
			defaultConfigurationName = Release;
		};
		5D061AC021FEAD4200BB6056 /* Build configuration list for PBXNativeTarget "Foggy GlassesUITests" */ = {
			isa = XCConfigurationList;
			buildConfigurations = (
				5D061AC221FEAD4200BB6056 /* Release */,
			);
			defaultConfigurationIsVisible = 0;
			defaultConfigurationName = Release;
		};
		5D0E12212231AA3D003D3583 /* Build configuration list for PBXNativeTarget "Post To Groups" */ = {
			isa = XCConfigurationList;
			buildConfigurations = (
				5D0E12202231AA3D003D3583 /* Release */,
			);
			defaultConfigurationIsVisible = 0;
			defaultConfigurationName = Release;
		};
/* End XCConfigurationList section */
	};
	rootObject = 5D061A8A21FEAD4000BB6056 /* Project object */;
}
